# This file is automatically @generated by Poetry and should not be changed by hand.

[[package]]
name = "ansicon"
version = "1.89.0"
description = "Python wrapper for loading Jason Hood's ANSICON"
category = "main"
optional = false
python-versions = "*"
files = [
    {file = "ansicon-1.89.0-py2.py3-none-any.whl", hash = "sha256:f1def52d17f65c2c9682cf8370c03f541f410c1752d6a14029f97318e4b9dfec"},
    {file = "ansicon-1.89.0.tar.gz", hash = "sha256:e4d039def5768a47e4afec8e89e83ec3ae5a26bf00ad851f914d1240b444d2b1"},
]

[[package]]
name = "asttokens"
version = "2.2.1"
description = "Annotate AST trees with source code positions"
category = "main"
optional = true
python-versions = "*"
files = [
    {file = "asttokens-2.2.1-py2.py3-none-any.whl", hash = "sha256:6b0ac9e93fb0335014d382b8fa9b3afa7df546984258005da0b9e7095b3deb1c"},
    {file = "asttokens-2.2.1.tar.gz", hash = "sha256:4622110b2a6f30b77e1473affaa97e711bc2f07d3f10848420ff1898edbe94f3"},
]

[package.dependencies]
six = "*"

[package.extras]
test = ["astroid", "pytest"]

[[package]]
name = "attrs"
version = "22.2.0"
description = "Classes Without Boilerplate"
category = "dev"
optional = false
python-versions = ">=3.6"
files = [
    {file = "attrs-22.2.0-py3-none-any.whl", hash = "sha256:29e95c7f6778868dbd49170f98f8818f78f3dc5e0e37c0b1f474e3561b240836"},
    {file = "attrs-22.2.0.tar.gz", hash = "sha256:c9227bfc2f01993c03f68db37d1d15c9690188323c067c641f1a35ca58185f99"},
]

[package.extras]
cov = ["attrs[tests]", "coverage-enable-subprocess", "coverage[toml] (>=5.3)"]
dev = ["attrs[docs,tests]"]
docs = ["furo", "myst-parser", "sphinx", "sphinx-notfound-page", "sphinxcontrib-towncrier", "towncrier", "zope.interface"]
tests = ["attrs[tests-no-zope]", "zope.interface"]
tests-no-zope = ["cloudpickle", "cloudpickle", "hypothesis", "hypothesis", "mypy (>=0.971,<0.990)", "mypy (>=0.971,<0.990)", "pympler", "pympler", "pytest (>=4.3.0)", "pytest (>=4.3.0)", "pytest-mypy-plugins", "pytest-mypy-plugins", "pytest-xdist[psutil]", "pytest-xdist[psutil]"]

[[package]]
name = "black"
version = "23.1a1"
description = "The uncompromising code formatter."
category = "dev"
optional = false
python-versions = ">=3.7"
files = [
    {file = "black-23.1a1-cp310-cp310-manylinux_2_17_x86_64.manylinux2014_x86_64.whl", hash = "sha256:5fb7641d442ede92538bc70fa0201f884753a7d0f62f26c722b7b00301b95902"},
    {file = "black-23.1a1-cp310-cp310-win_amd64.whl", hash = "sha256:88288a645402106b8eb9f50d7340ae741e16240bb01c2eed8466549153daa96e"},
    {file = "black-23.1a1-cp311-cp311-manylinux_2_17_x86_64.manylinux2014_x86_64.whl", hash = "sha256:4db1d8027ce7ae53f0ccf02b0be0b8808fefb291d6cb1543420f4165d96d364c"},
    {file = "black-23.1a1-cp311-cp311-win_amd64.whl", hash = "sha256:88ec25a64063945b4591b6378bead544c5d3260de1c93ad96f3ad2d76ddd76fd"},
    {file = "black-23.1a1-cp37-cp37m-manylinux_2_17_x86_64.manylinux2014_x86_64.whl", hash = "sha256:8dff6f0157e47fbbeada046fca144b6557d3be2fb2602d668881cd179f04a352"},
    {file = "black-23.1a1-cp37-cp37m-win_amd64.whl", hash = "sha256:ca658b69260a18bf7aa0b0a6562dbbd304a737487d1318998aaca5a75901fd2c"},
    {file = "black-23.1a1-cp38-cp38-manylinux_2_17_x86_64.manylinux2014_x86_64.whl", hash = "sha256:85dede655442f5e246e7abd667fe07e14916897ba52f3640b5489bf11f7dbf67"},
    {file = "black-23.1a1-cp38-cp38-win_amd64.whl", hash = "sha256:ddbf9da228726d46f45c29024263e160d41030a415097254817d65127012d1a2"},
    {file = "black-23.1a1-cp39-cp39-manylinux_2_17_x86_64.manylinux2014_x86_64.whl", hash = "sha256:63330069d8ec909cf4e2c4d43a7f00aeb03335430ef9fec6cd2328e6ebde8a77"},
    {file = "black-23.1a1-cp39-cp39-win_amd64.whl", hash = "sha256:793c9176beb2adf295f6b863d9a4dc953fe2ac359ca3da108d71d14cb2c09e52"},
    {file = "black-23.1a1-py3-none-any.whl", hash = "sha256:e88e4b633d64b9e7adc4a6b922f52bb204af9f90d7b1e3317e6490f2b598b1ea"},
    {file = "black-23.1a1.tar.gz", hash = "sha256:0b945a5a1e5a5321f884de0061d5a8585d947c9b608e37b6d26ceee4dfdf4b62"},
]

[package.dependencies]
click = ">=8.0.0"
mypy-extensions = ">=0.4.3"
pathspec = ">=0.9.0"
platformdirs = ">=2"
tomli = {version = ">=1.1.0", markers = "python_version < \"3.11\""}
typing-extensions = {version = ">=3.10.0.0", markers = "python_version < \"3.10\""}

[package.extras]
colorama = ["colorama (>=0.4.3)"]
d = ["aiohttp (>=3.7.4)"]
jupyter = ["ipython (>=7.8.0)", "tokenize-rt (>=3.2.0)"]
uvloop = ["uvloop (>=0.15.2)"]

[[package]]
name = "blessed"
version = "1.19.1"
description = "Easy, practical library for making terminal apps, by providing an elegant, well-documented interface to Colors, Keyboard input, and screen Positioning capabilities."
category = "main"
optional = false
python-versions = ">=2.7"
files = [
    {file = "blessed-1.19.1-py2.py3-none-any.whl", hash = "sha256:63b8554ae2e0e7f43749b6715c734cc8f3883010a809bf16790102563e6cf25b"},
    {file = "blessed-1.19.1.tar.gz", hash = "sha256:9a0d099695bf621d4680dd6c73f6ad547f6a3442fbdbe80c4b1daa1edbc492fc"},
]

[package.dependencies]
jinxed = {version = ">=1.1.0", markers = "platform_system == \"Windows\""}
six = ">=1.9.0"
wcwidth = ">=0.1.4"

[[package]]
name = "click"
version = "8.1.3"
description = "Composable command line interface toolkit"
category = "dev"
optional = false
python-versions = ">=3.7"
files = [
    {file = "click-8.1.3-py3-none-any.whl", hash = "sha256:bb4d8133cb15a609f44e8213d9b391b0809795062913b383c62be0ee95b1db48"},
    {file = "click-8.1.3.tar.gz", hash = "sha256:7682dc8afb30297001674575ea00d1814d808d6a36af415a82bd481d37ba7b8e"},
]

[package.dependencies]
colorama = {version = "*", markers = "platform_system == \"Windows\""}

[[package]]
name = "codefind"
version = "0.1.3"
description = "Find code objects and their referents"
category = "main"
optional = false
python-versions = ">=3.8,<4.0"
files = [
    {file = "codefind-0.1.3-py3-none-any.whl", hash = "sha256:3ffe85b74595b5c9f82391a11171ce7d68f1f555485720ab922f3b86f9bf30ec"},
    {file = "codefind-0.1.3.tar.gz", hash = "sha256:5667050361bf601a253031b2437d16b7d82cb0fa0e756d93e548c7b35ce6f910"},
]

[[package]]
name = "colorama"
version = "0.4.6"
description = "Cross-platform colored terminal text."
category = "dev"
optional = false
python-versions = "!=3.0.*,!=3.1.*,!=3.2.*,!=3.3.*,!=3.4.*,!=3.5.*,!=3.6.*,>=2.7"
files = [
    {file = "colorama-0.4.6-py2.py3-none-any.whl", hash = "sha256:4f1d9991f5acc0ca119f9d443620b77f9d6b33703e51011c16baf57afb285fc6"},
    {file = "colorama-0.4.6.tar.gz", hash = "sha256:08695f5cb7ed6e0531a20572697297273c47b8cae5a63ffc6d6ed5c201be6e44"},
]

[[package]]
name = "coverage"
version = "7.0.5"
description = "Code coverage measurement for Python"
category = "dev"
optional = false
python-versions = ">=3.7"
files = [
    {file = "coverage-7.0.5-cp310-cp310-macosx_10_9_x86_64.whl", hash = "sha256:2a7f23bbaeb2a87f90f607730b45564076d870f1fb07b9318d0c21f36871932b"},
    {file = "coverage-7.0.5-cp310-cp310-macosx_11_0_arm64.whl", hash = "sha256:c18d47f314b950dbf24a41787ced1474e01ca816011925976d90a88b27c22b89"},
    {file = "coverage-7.0.5-cp310-cp310-manylinux_2_17_aarch64.manylinux2014_aarch64.whl", hash = "sha256:ef14d75d86f104f03dea66c13188487151760ef25dd6b2dbd541885185f05f40"},
    {file = "coverage-7.0.5-cp310-cp310-manylinux_2_5_i686.manylinux1_i686.manylinux_2_17_i686.manylinux2014_i686.whl", hash = "sha256:66e50680e888840c0995f2ad766e726ce71ca682e3c5f4eee82272c7671d38a2"},
    {file = "coverage-7.0.5-cp310-cp310-manylinux_2_5_x86_64.manylinux1_x86_64.manylinux_2_17_x86_64.manylinux2014_x86_64.whl", hash = "sha256:a9fed35ca8c6e946e877893bbac022e8563b94404a605af1d1e6accc7eb73289"},
    {file = "coverage-7.0.5-cp310-cp310-musllinux_1_1_aarch64.whl", hash = "sha256:d8d04e755934195bdc1db45ba9e040b8d20d046d04d6d77e71b3b34a8cc002d0"},
    {file = "coverage-7.0.5-cp310-cp310-musllinux_1_1_i686.whl", hash = "sha256:7e109f1c9a3ece676597831874126555997c48f62bddbcace6ed17be3e372de8"},
    {file = "coverage-7.0.5-cp310-cp310-musllinux_1_1_x86_64.whl", hash = "sha256:0a1890fca2962c4f1ad16551d660b46ea77291fba2cc21c024cd527b9d9c8809"},
    {file = "coverage-7.0.5-cp310-cp310-win32.whl", hash = "sha256:be9fcf32c010da0ba40bf4ee01889d6c737658f4ddff160bd7eb9cac8f094b21"},
    {file = "coverage-7.0.5-cp310-cp310-win_amd64.whl", hash = "sha256:cbfcba14a3225b055a28b3199c3d81cd0ab37d2353ffd7f6fd64844cebab31ad"},
    {file = "coverage-7.0.5-cp311-cp311-macosx_10_9_x86_64.whl", hash = "sha256:30b5fec1d34cc932c1bc04017b538ce16bf84e239378b8f75220478645d11fca"},
    {file = "coverage-7.0.5-cp311-cp311-macosx_11_0_arm64.whl", hash = "sha256:1caed2367b32cc80a2b7f58a9f46658218a19c6cfe5bc234021966dc3daa01f0"},
    {file = "coverage-7.0.5-cp311-cp311-manylinux_2_17_aarch64.manylinux2014_aarch64.whl", hash = "sha256:d254666d29540a72d17cc0175746cfb03d5123db33e67d1020e42dae611dc196"},
    {file = "coverage-7.0.5-cp311-cp311-manylinux_2_5_i686.manylinux1_i686.manylinux_2_17_i686.manylinux2014_i686.whl", hash = "sha256:19245c249aa711d954623d94f23cc94c0fd65865661f20b7781210cb97c471c0"},
    {file = "coverage-7.0.5-cp311-cp311-manylinux_2_5_x86_64.manylinux1_x86_64.manylinux_2_17_x86_64.manylinux2014_x86_64.whl", hash = "sha256:7b05ed4b35bf6ee790832f68932baf1f00caa32283d66cc4d455c9e9d115aafc"},
    {file = "coverage-7.0.5-cp311-cp311-musllinux_1_1_aarch64.whl", hash = "sha256:29de916ba1099ba2aab76aca101580006adfac5646de9b7c010a0f13867cba45"},
    {file = "coverage-7.0.5-cp311-cp311-musllinux_1_1_i686.whl", hash = "sha256:e057e74e53db78122a3979f908973e171909a58ac20df05c33998d52e6d35757"},
    {file = "coverage-7.0.5-cp311-cp311-musllinux_1_1_x86_64.whl", hash = "sha256:411d4ff9d041be08fdfc02adf62e89c735b9468f6d8f6427f8a14b6bb0a85095"},
    {file = "coverage-7.0.5-cp311-cp311-win32.whl", hash = "sha256:52ab14b9e09ce052237dfe12d6892dd39b0401690856bcfe75d5baba4bfe2831"},
    {file = "coverage-7.0.5-cp311-cp311-win_amd64.whl", hash = "sha256:1f66862d3a41674ebd8d1a7b6f5387fe5ce353f8719040a986551a545d7d83ea"},
    {file = "coverage-7.0.5-cp37-cp37m-macosx_10_9_x86_64.whl", hash = "sha256:b69522b168a6b64edf0c33ba53eac491c0a8f5cc94fa4337f9c6f4c8f2f5296c"},
    {file = "coverage-7.0.5-cp37-cp37m-manylinux_2_17_aarch64.manylinux2014_aarch64.whl", hash = "sha256:436e103950d05b7d7f55e39beeb4d5be298ca3e119e0589c0227e6d0b01ee8c7"},
    {file = "coverage-7.0.5-cp37-cp37m-manylinux_2_5_i686.manylinux1_i686.manylinux_2_17_i686.manylinux2014_i686.whl", hash = "sha256:b8c56bec53d6e3154eaff6ea941226e7bd7cc0d99f9b3756c2520fc7a94e6d96"},
    {file = "coverage-7.0.5-cp37-cp37m-manylinux_2_5_x86_64.manylinux1_x86_64.manylinux_2_17_x86_64.manylinux2014_x86_64.whl", hash = "sha256:7a38362528a9115a4e276e65eeabf67dcfaf57698e17ae388599568a78dcb029"},
    {file = "coverage-7.0.5-cp37-cp37m-musllinux_1_1_aarch64.whl", hash = "sha256:f67472c09a0c7486e27f3275f617c964d25e35727af952869dd496b9b5b7f6a3"},
    {file = "coverage-7.0.5-cp37-cp37m-musllinux_1_1_i686.whl", hash = "sha256:220e3fa77d14c8a507b2d951e463b57a1f7810a6443a26f9b7591ef39047b1b2"},
    {file = "coverage-7.0.5-cp37-cp37m-musllinux_1_1_x86_64.whl", hash = "sha256:ecb0f73954892f98611e183f50acdc9e21a4653f294dfbe079da73c6378a6f47"},
    {file = "coverage-7.0.5-cp37-cp37m-win32.whl", hash = "sha256:d8f3e2e0a1d6777e58e834fd5a04657f66affa615dae61dd67c35d1568c38882"},
    {file = "coverage-7.0.5-cp37-cp37m-win_amd64.whl", hash = "sha256:9e662e6fc4f513b79da5d10a23edd2b87685815b337b1a30cd11307a6679148d"},
    {file = "coverage-7.0.5-cp38-cp38-macosx_10_9_x86_64.whl", hash = "sha256:790e4433962c9f454e213b21b0fd4b42310ade9c077e8edcb5113db0818450cb"},
    {file = "coverage-7.0.5-cp38-cp38-macosx_11_0_arm64.whl", hash = "sha256:49640bda9bda35b057b0e65b7c43ba706fa2335c9a9896652aebe0fa399e80e6"},
    {file = "coverage-7.0.5-cp38-cp38-manylinux_2_17_aarch64.manylinux2014_aarch64.whl", hash = "sha256:d66187792bfe56f8c18ba986a0e4ae44856b1c645336bd2c776e3386da91e1dd"},
    {file = "coverage-7.0.5-cp38-cp38-manylinux_2_5_i686.manylinux1_i686.manylinux_2_17_i686.manylinux2014_i686.whl", hash = "sha256:276f4cd0001cd83b00817c8db76730938b1ee40f4993b6a905f40a7278103b3a"},
    {file = "coverage-7.0.5-cp38-cp38-manylinux_2_5_x86_64.manylinux1_x86_64.manylinux_2_17_x86_64.manylinux2014_x86_64.whl", hash = "sha256:95304068686545aa368b35dfda1cdfbbdbe2f6fe43de4a2e9baa8ebd71be46e2"},
    {file = "coverage-7.0.5-cp38-cp38-musllinux_1_1_aarch64.whl", hash = "sha256:17e01dd8666c445025c29684d4aabf5a90dc6ef1ab25328aa52bedaa95b65ad7"},
    {file = "coverage-7.0.5-cp38-cp38-musllinux_1_1_i686.whl", hash = "sha256:ea76dbcad0b7b0deb265d8c36e0801abcddf6cc1395940a24e3595288b405ca0"},
    {file = "coverage-7.0.5-cp38-cp38-musllinux_1_1_x86_64.whl", hash = "sha256:50a6adc2be8edd7ee67d1abc3cd20678987c7b9d79cd265de55941e3d0d56499"},
    {file = "coverage-7.0.5-cp38-cp38-win32.whl", hash = "sha256:e4ce984133b888cc3a46867c8b4372c7dee9cee300335e2925e197bcd45b9e16"},
    {file = "coverage-7.0.5-cp38-cp38-win_amd64.whl", hash = "sha256:4a950f83fd3f9bca23b77442f3a2b2ea4ac900944d8af9993743774c4fdc57af"},
    {file = "coverage-7.0.5-cp39-cp39-macosx_10_9_x86_64.whl", hash = "sha256:3c2155943896ac78b9b0fd910fb381186d0c345911f5333ee46ac44c8f0e43ab"},
    {file = "coverage-7.0.5-cp39-cp39-macosx_11_0_arm64.whl", hash = "sha256:54f7e9705e14b2c9f6abdeb127c390f679f6dbe64ba732788d3015f7f76ef637"},
    {file = "coverage-7.0.5-cp39-cp39-manylinux_2_17_aarch64.manylinux2014_aarch64.whl", hash = "sha256:0ee30375b409d9a7ea0f30c50645d436b6f5dfee254edffd27e45a980ad2c7f4"},
    {file = "coverage-7.0.5-cp39-cp39-manylinux_2_5_i686.manylinux1_i686.manylinux_2_17_i686.manylinux2014_i686.whl", hash = "sha256:b78729038abea6a5df0d2708dce21e82073463b2d79d10884d7d591e0f385ded"},
    {file = "coverage-7.0.5-cp39-cp39-manylinux_2_5_x86_64.manylinux1_x86_64.manylinux_2_17_x86_64.manylinux2014_x86_64.whl", hash = "sha256:13250b1f0bd023e0c9f11838bdeb60214dd5b6aaf8e8d2f110c7e232a1bff83b"},
    {file = "coverage-7.0.5-cp39-cp39-musllinux_1_1_aarch64.whl", hash = "sha256:2c407b1950b2d2ffa091f4e225ca19a66a9bd81222f27c56bd12658fc5ca1209"},
    {file = "coverage-7.0.5-cp39-cp39-musllinux_1_1_i686.whl", hash = "sha256:c76a3075e96b9c9ff00df8b5f7f560f5634dffd1658bafb79eb2682867e94f78"},
    {file = "coverage-7.0.5-cp39-cp39-musllinux_1_1_x86_64.whl", hash = "sha256:f26648e1b3b03b6022b48a9b910d0ae209e2d51f50441db5dce5b530fad6d9b1"},
    {file = "coverage-7.0.5-cp39-cp39-win32.whl", hash = "sha256:ba3027deb7abf02859aca49c865ece538aee56dcb4871b4cced23ba4d5088904"},
    {file = "coverage-7.0.5-cp39-cp39-win_amd64.whl", hash = "sha256:949844af60ee96a376aac1ded2a27e134b8c8d35cc006a52903fc06c24a3296f"},
    {file = "coverage-7.0.5-pp37.pp38.pp39-none-any.whl", hash = "sha256:b9727ac4f5cf2cbf87880a63870b5b9730a8ae3a4a360241a0fdaa2f71240ff0"},
    {file = "coverage-7.0.5.tar.gz", hash = "sha256:051afcbd6d2ac39298d62d340f94dbb6a1f31de06dfaf6fcef7b759dd3860c45"},
]

[package.dependencies]
tomli = {version = "*", optional = true, markers = "python_full_version <= \"3.11.0a6\" and extra == \"toml\""}

[package.extras]
toml = ["tomli"]

[[package]]
name = "exceptiongroup"
version = "1.1.0"
description = "Backport of PEP 654 (exception groups)"
category = "dev"
optional = false
python-versions = ">=3.7"
files = [
    {file = "exceptiongroup-1.1.0-py3-none-any.whl", hash = "sha256:327cbda3da756e2de031a3107b81ab7b3770a602c4d16ca618298c526f4bec1e"},
    {file = "exceptiongroup-1.1.0.tar.gz", hash = "sha256:bcb67d800a4497e1b404c2dd44fca47d3b7a5e5433dbab67f96c1a685cdfdf23"},
]

[package.extras]
test = ["pytest (>=6)"]

[[package]]
name = "executing"
version = "1.2.0"
description = "Get the currently executing AST node of a frame, and other information"
category = "main"
optional = true
python-versions = "*"
files = [
    {file = "executing-1.2.0-py2.py3-none-any.whl", hash = "sha256:0314a69e37426e3608aada02473b4161d4caf5a4b244d1d0c48072b8fee7bacc"},
    {file = "executing-1.2.0.tar.gz", hash = "sha256:19da64c18d2d851112f09c287f8d3dbbdf725ab0e569077efb6cdcbd3497c107"},
]

[package.extras]
tests = ["asttokens", "littleutils", "pytest", "rich"]

[[package]]
name = "flake8"
version = "5.0.4"
description = "the modular source code checker: pep8 pyflakes and co"
category = "dev"
optional = false
python-versions = ">=3.6.1"
files = [
    {file = "flake8-5.0.4-py2.py3-none-any.whl", hash = "sha256:7a1cf6b73744f5806ab95e526f6f0d8c01c66d7bbe349562d22dfca20610b248"},
    {file = "flake8-5.0.4.tar.gz", hash = "sha256:6fbe320aad8d6b95cec8b8e47bc933004678dc63095be98528b7bdd2a9f510db"},
]

[package.dependencies]
mccabe = ">=0.7.0,<0.8.0"
pycodestyle = ">=2.9.0,<2.10.0"
pyflakes = ">=2.5.0,<2.6.0"

[[package]]
name = "giving"
version = "0.4.1"
description = "Reactive logging"
category = "main"
optional = true
python-versions = ">=3.7,<4.0"
files = [
    {file = "giving-0.4.1-py3-none-any.whl", hash = "sha256:2ba418ce8feeebccd5ee18357af9b245a3dc75c60e37b82fc90aa1a12af29f06"},
    {file = "giving-0.4.1.tar.gz", hash = "sha256:79f870ecc68bc7aefe363e146b057ada9025f13c25121787616b8b3b561b03f9"},
]

[package.dependencies]
asttokens = ">=2.2.1,<3.0.0"
reactivex = ">=4.0.0,<5.0.0"
varname = ">=0.10.0,<0.11.0"

[[package]]
name = "iniconfig"
version = "2.0.0"
description = "brain-dead simple config-ini parsing"
category = "dev"
optional = false
python-versions = ">=3.7"
files = [
    {file = "iniconfig-2.0.0-py3-none-any.whl", hash = "sha256:b6a85871a79d2e3b22d2d1b94ac2824226a63c6b741c88f7ae975f18b6778374"},
    {file = "iniconfig-2.0.0.tar.gz", hash = "sha256:2d91e135bf72d31a410b17c16da610a82cb55f6b0477d1a902134b24a455b8b3"},
]

[[package]]
name = "isort"
version = "5.11.4"
description = "A Python utility / library to sort Python imports."
category = "dev"
optional = false
python-versions = ">=3.7.0"
files = [
    {file = "isort-5.11.4-py3-none-any.whl", hash = "sha256:c033fd0edb91000a7f09527fe5c75321878f98322a77ddcc81adbd83724afb7b"},
    {file = "isort-5.11.4.tar.gz", hash = "sha256:6db30c5ded9815d813932c04c2f85a360bcdd35fed496f4d8f35495ef0a261b6"},
]

[package.extras]
colors = ["colorama (>=0.4.3,<0.5.0)"]
pipfile-deprecated-finder = ["pipreqs", "requirementslib"]
plugins = ["setuptools"]
requirements-deprecated-finder = ["pip-api", "pipreqs"]

[[package]]
name = "jinxed"
version = "1.2.0"
description = "Jinxed Terminal Library"
category = "main"
optional = false
python-versions = "*"
files = [
    {file = "jinxed-1.2.0-py2.py3-none-any.whl", hash = "sha256:cfc2b2e4e3b4326954d546ba6d6b9a7a796ddcb0aef8d03161d005177eb0d48b"},
    {file = "jinxed-1.2.0.tar.gz", hash = "sha256:032acda92d5c57cd216033cbbd53de731e6ed50deb63eb4781336ca55f72cda5"},
]

[package.dependencies]
ansicon = {version = "*", markers = "platform_system == \"Windows\""}

[[package]]
name = "markdown-it-py"
version = "2.1.0"
description = "Python port of markdown-it. Markdown parsing, done right!"
category = "main"
optional = true
python-versions = ">=3.7"
files = [
    {file = "markdown-it-py-2.1.0.tar.gz", hash = "sha256:cf7e59fed14b5ae17c0006eff14a2d9a00ed5f3a846148153899a0224e2c07da"},
    {file = "markdown_it_py-2.1.0-py3-none-any.whl", hash = "sha256:93de681e5c021a432c63147656fe21790bc01231e0cd2da73626f1aa3ac0fe27"},
]

[package.dependencies]
mdurl = ">=0.1,<1.0"

[package.extras]
benchmarking = ["psutil", "pytest", "pytest-benchmark (>=3.2,<4.0)"]
code-style = ["pre-commit (==2.6)"]
compare = ["commonmark (>=0.9.1,<0.10.0)", "markdown (>=3.3.6,<3.4.0)", "mistletoe (>=0.8.1,<0.9.0)", "mistune (>=2.0.2,<2.1.0)", "panflute (>=2.1.3,<2.2.0)"]
linkify = ["linkify-it-py (>=1.0,<2.0)"]
plugins = ["mdit-py-plugins"]
profiling = ["gprof2dot"]
rtd = ["attrs", "myst-parser", "pyyaml", "sphinx", "sphinx-copybutton", "sphinx-design", "sphinx_book_theme"]
testing = ["coverage", "pytest", "pytest-cov", "pytest-regressions"]

[[package]]
name = "mccabe"
version = "0.7.0"
description = "McCabe checker, plugin for flake8"
category = "dev"
optional = false
python-versions = ">=3.6"
files = [
    {file = "mccabe-0.7.0-py2.py3-none-any.whl", hash = "sha256:6c2d30ab6be0e4a46919781807b4f0d834ebdd6c6e3dca0bda5a15f863427b6e"},
    {file = "mccabe-0.7.0.tar.gz", hash = "sha256:348e0240c33b60bbdf4e523192ef919f28cb2c3d7d5c7794f74009290f236325"},
]

[[package]]
name = "mdurl"
version = "0.1.2"
description = "Markdown URL utilities"
category = "main"
optional = true
python-versions = ">=3.7"
files = [
    {file = "mdurl-0.1.2-py3-none-any.whl", hash = "sha256:84008a41e51615a49fc9966191ff91509e3c40b939176e643fd50a5c2196b8f8"},
    {file = "mdurl-0.1.2.tar.gz", hash = "sha256:bb413d29f5eea38f31dd4754dd7377d4465116fb207585f97bf925588687c1ba"},
]

[[package]]
name = "mypy-extensions"
version = "0.4.3"
description = "Experimental type system extensions for programs checked with the mypy typechecker."
category = "dev"
optional = false
python-versions = "*"
files = [
    {file = "mypy_extensions-0.4.3-py2.py3-none-any.whl", hash = "sha256:090fedd75945a69ae91ce1303b5824f428daf5a028d2f6ab8a299250a846f15d"},
    {file = "mypy_extensions-0.4.3.tar.gz", hash = "sha256:2d82818f5bb3e369420cb3c4060a7970edba416647068eb4c5343488a6c604a8"},
]

[[package]]
name = "ovld"
version = "0.3.2"
description = "Overloading Python functions"
category = "main"
optional = false
python-versions = ">=3.6,<4.0"
files = [
    {file = "ovld-0.3.2-py3-none-any.whl", hash = "sha256:3a5f08f66573198b490fc69dcf93a2ad9b4d90fd1fef885cf7a8dbe565f17837"},
    {file = "ovld-0.3.2.tar.gz", hash = "sha256:f8918636c240a2935175406801944d4314823710b3afbd5a8db3e79cd9391c42"},
]

[[package]]
name = "packaging"
version = "23.0"
description = "Core utilities for Python packages"
category = "dev"
optional = false
python-versions = ">=3.7"
files = [
    {file = "packaging-23.0-py3-none-any.whl", hash = "sha256:714ac14496c3e68c99c29b00845f7a2b85f3bb6f1078fd9f72fd20f0570002b2"},
    {file = "packaging-23.0.tar.gz", hash = "sha256:b6ad297f8907de0fa2fe1ccbd26fdaf387f5f47c7275fedf8cce89f99446cf97"},
]

[[package]]
name = "pathspec"
version = "0.10.3"
description = "Utility library for gitignore style pattern matching of file paths."
category = "dev"
optional = false
python-versions = ">=3.7"
files = [
    {file = "pathspec-0.10.3-py3-none-any.whl", hash = "sha256:3c95343af8b756205e2aba76e843ba9520a24dd84f68c22b9f93251507509dd6"},
    {file = "pathspec-0.10.3.tar.gz", hash = "sha256:56200de4077d9d0791465aa9095a01d421861e405b5096955051deefd697d6f6"},
]

[[package]]
name = "platformdirs"
version = "2.6.2"
description = "A small Python package for determining appropriate platform-specific dirs, e.g. a \"user data dir\"."
category = "dev"
optional = false
python-versions = ">=3.7"
files = [
    {file = "platformdirs-2.6.2-py3-none-any.whl", hash = "sha256:83c8f6d04389165de7c9b6f0c682439697887bca0aa2f1c87ef1826be3584490"},
    {file = "platformdirs-2.6.2.tar.gz", hash = "sha256:e1fea1fe471b9ff8332e229df3cb7de4f53eeea4998d3b6bfff542115e998bd2"},
]

[package.extras]
docs = ["furo (>=2022.12.7)", "proselint (>=0.13)", "sphinx (>=5.3)", "sphinx-autodoc-typehints (>=1.19.5)"]
test = ["appdirs (==1.4.4)", "covdefaults (>=2.2.2)", "pytest (>=7.2)", "pytest-cov (>=4)", "pytest-mock (>=3.10)"]

[[package]]
name = "pluggy"
version = "1.0.0"
description = "plugin and hook calling mechanisms for python"
category = "dev"
optional = false
python-versions = ">=3.6"
files = [
    {file = "pluggy-1.0.0-py2.py3-none-any.whl", hash = "sha256:74134bbf457f031a36d68416e1509f34bd5ccc019f0bcc952c7b909d06b37bd3"},
    {file = "pluggy-1.0.0.tar.gz", hash = "sha256:4224373bacce55f955a878bf9cfa763c1e360858e330072059e10bad68531159"},
]

[package.extras]
dev = ["pre-commit", "tox"]
testing = ["pytest", "pytest-benchmark"]

[[package]]
name = "pycodestyle"
version = "2.9.1"
description = "Python style guide checker"
category = "dev"
optional = false
python-versions = ">=3.6"
files = [
    {file = "pycodestyle-2.9.1-py2.py3-none-any.whl", hash = "sha256:d1735fc58b418fd7c5f658d28d943854f8a849b01a5d0a1e6f3f3fdd0166804b"},
    {file = "pycodestyle-2.9.1.tar.gz", hash = "sha256:2c9607871d58c76354b697b42f5d57e1ada7d261c261efac224b664affdc5785"},
]

[[package]]
name = "pyflakes"
version = "2.5.0"
description = "passive checker of Python programs"
category = "dev"
optional = false
python-versions = ">=3.6"
files = [
    {file = "pyflakes-2.5.0-py2.py3-none-any.whl", hash = "sha256:4579f67d887f804e67edb544428f264b7b24f435b263c4614f384135cea553d2"},
    {file = "pyflakes-2.5.0.tar.gz", hash = "sha256:491feb020dca48ccc562a8c0cbe8df07ee13078df59813b83959cbdada312ea3"},
]

[[package]]
name = "pygments"
version = "2.14.0"
description = "Pygments is a syntax highlighting package written in Python."
category = "main"
optional = true
python-versions = ">=3.6"
files = [
    {file = "Pygments-2.14.0-py3-none-any.whl", hash = "sha256:fa7bd7bd2771287c0de303af8bfdfc731f51bd2c6a47ab69d117138893b82717"},
    {file = "Pygments-2.14.0.tar.gz", hash = "sha256:b3ed06a9e8ac9a9aae5a6f5dbe78a8a58655d17b43b93c078f094ddc476ae297"},
]

[package.extras]
plugins = ["importlib-metadata"]

[[package]]
name = "pytest"
version = "7.2.1"
description = "pytest: simple powerful testing with Python"
category = "dev"
optional = false
python-versions = ">=3.7"
files = [
    {file = "pytest-7.2.1-py3-none-any.whl", hash = "sha256:c7c6ca206e93355074ae32f7403e8ea12163b1163c976fee7d4d84027c162be5"},
    {file = "pytest-7.2.1.tar.gz", hash = "sha256:d45e0952f3727241918b8fd0f376f5ff6b301cc0777c6f9a556935c92d8a7d42"},
]

[package.dependencies]
attrs = ">=19.2.0"
colorama = {version = "*", markers = "sys_platform == \"win32\""}
exceptiongroup = {version = ">=1.0.0rc8", markers = "python_version < \"3.11\""}
iniconfig = "*"
packaging = "*"
pluggy = ">=0.12,<2.0"
tomli = {version = ">=1.0.0", markers = "python_version < \"3.11\""}

[package.extras]
testing = ["argcomplete", "hypothesis (>=3.56)", "mock", "nose", "pygments (>=2.7.2)", "requests", "xmlschema"]

[[package]]
name = "pytest-cov"
version = "4.0.0"
description = "Pytest plugin for measuring coverage."
category = "dev"
optional = false
python-versions = ">=3.6"
files = [
    {file = "pytest-cov-4.0.0.tar.gz", hash = "sha256:996b79efde6433cdbd0088872dbc5fb3ed7fe1578b68cdbba634f14bb8dd0470"},
    {file = "pytest_cov-4.0.0-py3-none-any.whl", hash = "sha256:2feb1b751d66a8bd934e5edfa2e961d11309dc37b73b0eabe73b5945fee20f6b"},
]

[package.dependencies]
coverage = {version = ">=5.2.1", extras = ["toml"]}
pytest = ">=4.6"

[package.extras]
testing = ["fields", "hunter", "process-tests", "pytest-xdist", "six", "virtualenv"]

[[package]]
name = "reactivex"
version = "4.0.4"
description = "ReactiveX (Rx) for Python"
category = "main"
optional = true
python-versions = ">=3.7,<4.0"
files = [
    {file = "reactivex-4.0.4-py3-none-any.whl", hash = "sha256:0004796c420bd9e68aad8e65627d85a8e13f293de76656165dffbcb3a0e3fb6a"},
    {file = "reactivex-4.0.4.tar.gz", hash = "sha256:e912e6591022ab9176df8348a653fe8c8fa7a301f26f9931c9d8c78a650e04e8"},
]

[package.dependencies]
typing-extensions = ">=4.1.1,<5.0.0"

[[package]]
name = "rich"
version = "13.2.0"
description = "Render rich text, tables, progress bars, syntax highlighting, markdown and more to the terminal"
category = "main"
optional = true
python-versions = ">=3.7.0"
files = [
    {file = "rich-13.2.0-py3-none-any.whl", hash = "sha256:7c963f0d03819221e9ac561e1bc866e3f95a02248c1234daa48954e6d381c003"},
    {file = "rich-13.2.0.tar.gz", hash = "sha256:f1a00cdd3eebf999a15d85ec498bfe0b1a77efe9b34f645768a54132ef444ac5"},
]

[package.dependencies]
markdown-it-py = ">=2.1.0,<3.0.0"
pygments = ">=2.6.0,<3.0.0"
typing-extensions = {version = ">=4.0.0,<5.0", markers = "python_version < \"3.9\""}

[package.extras]
jupyter = ["ipywidgets (>=7.5.1,<8.0.0)"]

[[package]]
name = "six"
version = "1.16.0"
description = "Python 2 and 3 compatibility utilities"
category = "main"
optional = false
python-versions = ">=2.7, !=3.0.*, !=3.1.*, !=3.2.*"
files = [
    {file = "six-1.16.0-py2.py3-none-any.whl", hash = "sha256:8abb2f1d86890a2dfb989f9a77cfcfd3e47c2a354b01111771326f8aa26e0254"},
    {file = "six-1.16.0.tar.gz", hash = "sha256:1e61c37477a1626458e36f7b1d82aa5c9b094fa4802892072e49de9c60c4c926"},
]

[[package]]
name = "tomli"
version = "2.0.1"
description = "A lil' TOML parser"
category = "dev"
optional = false
python-versions = ">=3.7"
files = [
    {file = "tomli-2.0.1-py3-none-any.whl", hash = "sha256:939de3e7a6161af0c887ef91b7d41a53e7c5a1ca976325f429cb46ea9bc30ecc"},
    {file = "tomli-2.0.1.tar.gz", hash = "sha256:de526c12914f0c550d15924c62d72abc48d6fe7364aa87328337a31007fe8a4f"},
]

[[package]]
name = "typing-extensions"
version = "4.4.0"
description = "Backported and Experimental Type Hints for Python 3.7+"
category = "main"
optional = false
python-versions = ">=3.7"
files = [
    {file = "typing_extensions-4.4.0-py3-none-any.whl", hash = "sha256:16fa4864408f655d35ec496218b85f79b3437c829e93320c7c9215ccfd92489e"},
    {file = "typing_extensions-4.4.0.tar.gz", hash = "sha256:1511434bb92bf8dd198c12b1cc812e800d4181cfcb867674e0f8279cc93087aa"},
]

[[package]]
name = "varname"
version = "0.10.0"
description = "Dark magics about variable names in python."
category = "main"
optional = true
python-versions = ">=3.6,<4.0"
files = [
    {file = "varname-0.10.0-py3-none-any.whl", hash = "sha256:20748d5cd3e125350726cd39d2cbd0e3000f30b3e0d3d5fe827efa0e71729809"},
    {file = "varname-0.10.0.tar.gz", hash = "sha256:045f7a409b3e91a760ab10a5539aabbb292db9d685f3011920b85fd4dbc5b9e3"},
]

[package.dependencies]
executing = ">=1.1,<2.0"

[package.extras]
all = ["asttokens (>=2.0.0,<3.0.0)", "pure_eval (<1.0.0)"]

[[package]]
name = "watchdog"
version = "2.2.1"
description = "Filesystem events monitoring"
category = "main"
optional = false
python-versions = ">=3.6"
files = [
    {file = "watchdog-2.2.1-cp310-cp310-macosx_10_9_universal2.whl", hash = "sha256:a09483249d25cbdb4c268e020cb861c51baab2d1affd9a6affc68ffe6a231260"},
    {file = "watchdog-2.2.1-cp310-cp310-macosx_10_9_x86_64.whl", hash = "sha256:5100eae58133355d3ca6c1083a33b81355c4f452afa474c2633bd2fbbba398b3"},
    {file = "watchdog-2.2.1-cp310-cp310-macosx_11_0_arm64.whl", hash = "sha256:e618a4863726bc7a3c64f95c218437f3349fb9d909eb9ea3a1ed3b567417c661"},
    {file = "watchdog-2.2.1-cp311-cp311-macosx_10_9_universal2.whl", hash = "sha256:102a60093090fc3ff76c983367b19849b7cc24ec414a43c0333680106e62aae1"},
    {file = "watchdog-2.2.1-cp311-cp311-macosx_10_9_x86_64.whl", hash = "sha256:748ca797ff59962e83cc8e4b233f87113f3cf247c23e6be58b8a2885c7337aa3"},
    {file = "watchdog-2.2.1-cp311-cp311-macosx_11_0_arm64.whl", hash = "sha256:6ccd8d84b9490a82b51b230740468116b8205822ea5fdc700a553d92661253a3"},
    {file = "watchdog-2.2.1-cp36-cp36m-macosx_10_9_x86_64.whl", hash = "sha256:6e01d699cd260d59b84da6bda019dce0a3353e3fcc774408ae767fe88ee096b7"},
    {file = "watchdog-2.2.1-cp37-cp37m-macosx_10_9_x86_64.whl", hash = "sha256:8586d98c494690482c963ffb24c49bf9c8c2fe0589cec4dc2f753b78d1ec301d"},
    {file = "watchdog-2.2.1-cp38-cp38-macosx_10_9_universal2.whl", hash = "sha256:adaf2ece15f3afa33a6b45f76b333a7da9256e1360003032524d61bdb4c422ae"},
    {file = "watchdog-2.2.1-cp38-cp38-macosx_10_9_x86_64.whl", hash = "sha256:83a7cead445008e880dbde833cb9e5cc7b9a0958edb697a96b936621975f15b9"},
    {file = "watchdog-2.2.1-cp38-cp38-macosx_11_0_arm64.whl", hash = "sha256:f8ac23ff2c2df4471a61af6490f847633024e5aa120567e08d07af5718c9d092"},
    {file = "watchdog-2.2.1-cp39-cp39-macosx_10_9_universal2.whl", hash = "sha256:d0f29fd9f3f149a5277929de33b4f121a04cf84bb494634707cfa8ea8ae106a8"},
    {file = "watchdog-2.2.1-cp39-cp39-macosx_10_9_x86_64.whl", hash = "sha256:967636031fa4c4955f0f3f22da3c5c418aa65d50908d31b73b3b3ffd66d60640"},
    {file = "watchdog-2.2.1-cp39-cp39-macosx_11_0_arm64.whl", hash = "sha256:96cbeb494e6cbe3ae6aacc430e678ce4b4dd3ae5125035f72b6eb4e5e9eb4f4e"},
    {file = "watchdog-2.2.1-pp37-pypy37_pp73-macosx_10_9_x86_64.whl", hash = "sha256:61fdb8e9c57baf625e27e1420e7ca17f7d2023929cd0065eb79c83da1dfbeacd"},
    {file = "watchdog-2.2.1-pp38-pypy38_pp73-macosx_10_9_x86_64.whl", hash = "sha256:4cb5ecc332112017fbdb19ede78d92e29a8165c46b68a0b8ccbd0a154f196d5e"},
    {file = "watchdog-2.2.1-pp39-pypy39_pp73-macosx_10_9_x86_64.whl", hash = "sha256:a480d122740debf0afac4ddd583c6c0bb519c24f817b42ed6f850e2f6f9d64a8"},
    {file = "watchdog-2.2.1-py3-none-manylinux2014_aarch64.whl", hash = "sha256:978a1aed55de0b807913b7482d09943b23a2d634040b112bdf31811a422f6344"},
    {file = "watchdog-2.2.1-py3-none-manylinux2014_armv7l.whl", hash = "sha256:8c28c23972ec9c524967895ccb1954bc6f6d4a557d36e681a36e84368660c4ce"},
    {file = "watchdog-2.2.1-py3-none-manylinux2014_i686.whl", hash = "sha256:c27d8c1535fd4474e40a4b5e01f4ba6720bac58e6751c667895cbc5c8a7af33c"},
    {file = "watchdog-2.2.1-py3-none-manylinux2014_ppc64.whl", hash = "sha256:d6b87477752bd86ac5392ecb9eeed92b416898c30bd40c7e2dd03c3146105646"},
    {file = "watchdog-2.2.1-py3-none-manylinux2014_ppc64le.whl", hash = "sha256:cece1aa596027ff56369f0b50a9de209920e1df9ac6d02c7f9e5d8162eb4f02b"},
    {file = "watchdog-2.2.1-py3-none-manylinux2014_s390x.whl", hash = "sha256:8b5cde14e5c72b2df5d074774bdff69e9b55da77e102a91f36ef26ca35f9819c"},
    {file = "watchdog-2.2.1-py3-none-manylinux2014_x86_64.whl", hash = "sha256:e038be858425c4f621900b8ff1a3a1330d9edcfeaa1c0468aeb7e330fb87693e"},
    {file = "watchdog-2.2.1-py3-none-win32.whl", hash = "sha256:bc43c1b24d2f86b6e1cc15f68635a959388219426109233e606517ff7d0a5a73"},
    {file = "watchdog-2.2.1-py3-none-win_amd64.whl", hash = "sha256:17f1708f7410af92ddf591e94ae71a27a13974559e72f7e9fde3ec174b26ba2e"},
    {file = "watchdog-2.2.1-py3-none-win_ia64.whl", hash = "sha256:195ab1d9d611a4c1e5311cbf42273bc541e18ea8c32712f2fb703cfc6ff006f9"},
    {file = "watchdog-2.2.1.tar.gz", hash = "sha256:cdcc23c9528601a8a293eb4369cbd14f6b4f34f07ae8769421252e9c22718b6f"},
]

[package.extras]
watchmedo = ["PyYAML (>=3.10)"]

[[package]]
name = "wcwidth"
version = "0.2.6"
description = "Measures the displayed width of unicode strings in a terminal"
category = "main"
optional = false
python-versions = "*"
files = [
    {file = "wcwidth-0.2.6-py2.py3-none-any.whl", hash = "sha256:795b138f6875577cd91bba52baf9e445cd5118fd32723b460e30a0af30ea230e"},
    {file = "wcwidth-0.2.6.tar.gz", hash = "sha256:a5220780a404dbe3353789870978e472cfe477761f06ee55077256e509b156d0"},
]

[extras]
develoop = ["giving", "rich"]

[metadata]
lock-version = "2.0"
python-versions = "^3.8"
content-hash = "9b7a796995be96e2d56e7aa7655e5dcec43550f355c8b22f55480b15fdf592d7"
