version = 1
requires-python = ">=3.9"

[[package]]
name = "ansicon"
version = "1.89.0"
source = { registry = "https://pypi.org/simple" }
sdist = { url = "https://files.pythonhosted.org/packages/b6/e2/1c866404ddbd280efedff4a9f15abfe943cb83cde6e895022370f3a61f85/ansicon-1.89.0.tar.gz", hash = "sha256:e4d039def5768a47e4afec8e89e83ec3ae5a26bf00ad851f914d1240b444d2b1", size = 67312 }
wheels = [
    { url = "https://files.pythonhosted.org/packages/75/f9/f1c10e223c7b56a38109a3f2eb4e7fe9a757ea3ed3a166754fb30f65e466/ansicon-1.89.0-py2.py3-none-any.whl", hash = "sha256:f1def52d17f65c2c9682cf8370c03f541f410c1752d6a14029f97318e4b9dfec", size = 63675 },
]

[[package]]
name = "asttokens"
version = "2.4.1"
source = { registry = "https://pypi.org/simple" }
dependencies = [
    { name = "six" },
]
sdist = { url = "https://files.pythonhosted.org/packages/45/1d/f03bcb60c4a3212e15f99a56085d93093a497718adf828d050b9d675da81/asttokens-2.4.1.tar.gz", hash = "sha256:b03869718ba9a6eb027e134bfdf69f38a236d681c83c160d510768af11254ba0", size = 62284 }
wheels = [
    { url = "https://files.pythonhosted.org/packages/45/86/4736ac618d82a20d87d2f92ae19441ebc7ac9e7a581d7e58bbe79233b24a/asttokens-2.4.1-py2.py3-none-any.whl", hash = "sha256:051ed49c3dcae8913ea7cd08e46a606dba30b79993209636c4875bc1d637bc24", size = 27764 },
]

[[package]]
name = "blessed"
version = "1.20.0"
source = { registry = "https://pypi.org/simple" }
dependencies = [
    { name = "jinxed", marker = "platform_system == 'Windows'" },
    { name = "six" },
    { name = "wcwidth" },
]
sdist = { url = "https://files.pythonhosted.org/packages/25/ae/92e9968ad23205389ec6bd82e2d4fca3817f1cdef34e10aa8d529ef8b1d7/blessed-1.20.0.tar.gz", hash = "sha256:2cdd67f8746e048f00df47a2880f4d6acbcdb399031b604e34ba8f71d5787680", size = 6655612 }
wheels = [
    { url = "https://files.pythonhosted.org/packages/76/98/584f211c3a4bb38f2871fa937ee0cc83c130de50c955d6c7e2334dbf4acb/blessed-1.20.0-py2.py3-none-any.whl", hash = "sha256:0c542922586a265e699188e52d5f5ac5ec0dd517e5a1041d90d2bbf23f906058", size = 58372 },
]

[[package]]
name = "codefind"
version = "0.1.7"
source = { registry = "https://pypi.org/simple" }
sdist = { url = "https://files.pythonhosted.org/packages/e5/fb/029e384b0225ea3401fc19f402af63d161462d19091dbf6b50f85cfc4b91/codefind-0.1.7.tar.gz", hash = "sha256:a2ec8a2c0180399ea838dfcdcc344ca89f97b8aa293bc17b22b2c023aba06fbc", size = 20033 }
wheels = [
    { url = "https://files.pythonhosted.org/packages/1d/2e/f6403d675c1a99a40d076d62ed9759b8863d1ac8119508e902cb0a33691d/codefind-0.1.7-py3-none-any.whl", hash = "sha256:5f1305b0992185cc87f28925c4449d04a256389099d46a489e619a296a802a29", size = 3861 },
]

[[package]]
name = "colorama"
version = "0.4.6"
source = { registry = "https://pypi.org/simple" }
sdist = { url = "https://files.pythonhosted.org/packages/d8/53/6f443c9a4a8358a93a6792e2acffb9d9d5cb0a5cfd8802644b7b1c9a02e4/colorama-0.4.6.tar.gz", hash = "sha256:08695f5cb7ed6e0531a20572697297273c47b8cae5a63ffc6d6ed5c201be6e44", size = 27697 }
wheels = [
    { url = "https://files.pythonhosted.org/packages/d1/d6/3965ed04c63042e047cb6a3e6ed1a63a35087b6a609aa3a15ed8ac56c221/colorama-0.4.6-py2.py3-none-any.whl", hash = "sha256:4f1d9991f5acc0ca119f9d443620b77f9d6b33703e51011c16baf57afb285fc6", size = 25335 },
]

[[package]]
name = "coverage"
version = "7.6.1"
source = { registry = "https://pypi.org/simple" }
sdist = { url = "https://files.pythonhosted.org/packages/f7/08/7e37f82e4d1aead42a7443ff06a1e406aabf7302c4f00a546e4b320b994c/coverage-7.6.1.tar.gz", hash = "sha256:953510dfb7b12ab69d20135a0662397f077c59b1e6379a768e97c59d852ee51d", size = 798791 }
wheels = [
    { url = "https://files.pythonhosted.org/packages/7e/61/eb7ce5ed62bacf21beca4937a90fe32545c91a3c8a42a30c6616d48fc70d/coverage-7.6.1-cp310-cp310-macosx_10_9_x86_64.whl", hash = "sha256:b06079abebbc0e89e6163b8e8f0e16270124c154dc6e4a47b413dd538859af16", size = 206690 },
    { url = "https://files.pythonhosted.org/packages/7d/73/041928e434442bd3afde5584bdc3f932fb4562b1597629f537387cec6f3d/coverage-7.6.1-cp310-cp310-macosx_11_0_arm64.whl", hash = "sha256:cf4b19715bccd7ee27b6b120e7e9dd56037b9c0681dcc1adc9ba9db3d417fa36", size = 207127 },
    { url = "https://files.pythonhosted.org/packages/c7/c8/6ca52b5147828e45ad0242388477fdb90df2c6cbb9a441701a12b3c71bc8/coverage-7.6.1-cp310-cp310-manylinux_2_17_aarch64.manylinux2014_aarch64.whl", hash = "sha256:e61c0abb4c85b095a784ef23fdd4aede7a2628478e7baba7c5e3deba61070a02", size = 235654 },
    { url = "https://files.pythonhosted.org/packages/d5/da/9ac2b62557f4340270942011d6efeab9833648380109e897d48ab7c1035d/coverage-7.6.1-cp310-cp310-manylinux_2_5_i686.manylinux1_i686.manylinux_2_17_i686.manylinux2014_i686.whl", hash = "sha256:fd21f6ae3f08b41004dfb433fa895d858f3f5979e7762d052b12aef444e29afc", size = 233598 },
    { url = "https://files.pythonhosted.org/packages/53/23/9e2c114d0178abc42b6d8d5281f651a8e6519abfa0ef460a00a91f80879d/coverage-7.6.1-cp310-cp310-manylinux_2_5_x86_64.manylinux1_x86_64.manylinux_2_17_x86_64.manylinux2014_x86_64.whl", hash = "sha256:8f59d57baca39b32db42b83b2a7ba6f47ad9c394ec2076b084c3f029b7afca23", size = 234732 },
    { url = "https://files.pythonhosted.org/packages/0f/7e/a0230756fb133343a52716e8b855045f13342b70e48e8ad41d8a0d60ab98/coverage-7.6.1-cp310-cp310-musllinux_1_2_aarch64.whl", hash = "sha256:a1ac0ae2b8bd743b88ed0502544847c3053d7171a3cff9228af618a068ed9c34", size = 233816 },
    { url = "https://files.pythonhosted.org/packages/28/7c/3753c8b40d232b1e5eeaed798c875537cf3cb183fb5041017c1fdb7ec14e/coverage-7.6.1-cp310-cp310-musllinux_1_2_i686.whl", hash = "sha256:e6a08c0be454c3b3beb105c0596ebdc2371fab6bb90c0c0297f4e58fd7e1012c", size = 232325 },
    { url = "https://files.pythonhosted.org/packages/57/e3/818a2b2af5b7573b4b82cf3e9f137ab158c90ea750a8f053716a32f20f06/coverage-7.6.1-cp310-cp310-musllinux_1_2_x86_64.whl", hash = "sha256:f5796e664fe802da4f57a168c85359a8fbf3eab5e55cd4e4569fbacecc903959", size = 233418 },
    { url = "https://files.pythonhosted.org/packages/c8/fb/4532b0b0cefb3f06d201648715e03b0feb822907edab3935112b61b885e2/coverage-7.6.1-cp310-cp310-win32.whl", hash = "sha256:7bb65125fcbef8d989fa1dd0e8a060999497629ca5b0efbca209588a73356232", size = 209343 },
    { url = "https://files.pythonhosted.org/packages/5a/25/af337cc7421eca1c187cc9c315f0a755d48e755d2853715bfe8c418a45fa/coverage-7.6.1-cp310-cp310-win_amd64.whl", hash = "sha256:3115a95daa9bdba70aea750db7b96b37259a81a709223c8448fa97727d546fe0", size = 210136 },
    { url = "https://files.pythonhosted.org/packages/ad/5f/67af7d60d7e8ce61a4e2ddcd1bd5fb787180c8d0ae0fbd073f903b3dd95d/coverage-7.6.1-cp311-cp311-macosx_10_9_x86_64.whl", hash = "sha256:7dea0889685db8550f839fa202744652e87c60015029ce3f60e006f8c4462c93", size = 206796 },
    { url = "https://files.pythonhosted.org/packages/e1/0e/e52332389e057daa2e03be1fbfef25bb4d626b37d12ed42ae6281d0a274c/coverage-7.6.1-cp311-cp311-macosx_11_0_arm64.whl", hash = "sha256:ed37bd3c3b063412f7620464a9ac1314d33100329f39799255fb8d3027da50d3", size = 207244 },
    { url = "https://files.pythonhosted.org/packages/aa/cd/766b45fb6e090f20f8927d9c7cb34237d41c73a939358bc881883fd3a40d/coverage-7.6.1-cp311-cp311-manylinux_2_17_aarch64.manylinux2014_aarch64.whl", hash = "sha256:d85f5e9a5f8b73e2350097c3756ef7e785f55bd71205defa0bfdaf96c31616ff", size = 239279 },
    { url = "https://files.pythonhosted.org/packages/70/6c/a9ccd6fe50ddaf13442a1e2dd519ca805cbe0f1fcd377fba6d8339b98ccb/coverage-7.6.1-cp311-cp311-manylinux_2_5_i686.manylinux1_i686.manylinux_2_17_i686.manylinux2014_i686.whl", hash = "sha256:9bc572be474cafb617672c43fe989d6e48d3c83af02ce8de73fff1c6bb3c198d", size = 236859 },
    { url = "https://files.pythonhosted.org/packages/14/6f/8351b465febb4dbc1ca9929505202db909c5a635c6fdf33e089bbc3d7d85/coverage-7.6.1-cp311-cp311-manylinux_2_5_x86_64.manylinux1_x86_64.manylinux_2_17_x86_64.manylinux2014_x86_64.whl", hash = "sha256:0c0420b573964c760df9e9e86d1a9a622d0d27f417e1a949a8a66dd7bcee7bc6", size = 238549 },
    { url = "https://files.pythonhosted.org/packages/68/3c/289b81fa18ad72138e6d78c4c11a82b5378a312c0e467e2f6b495c260907/coverage-7.6.1-cp311-cp311-musllinux_1_2_aarch64.whl", hash = "sha256:1f4aa8219db826ce6be7099d559f8ec311549bfc4046f7f9fe9b5cea5c581c56", size = 237477 },
    { url = "https://files.pythonhosted.org/packages/ed/1c/aa1efa6459d822bd72c4abc0b9418cf268de3f60eeccd65dc4988553bd8d/coverage-7.6.1-cp311-cp311-musllinux_1_2_i686.whl", hash = "sha256:fc5a77d0c516700ebad189b587de289a20a78324bc54baee03dd486f0855d234", size = 236134 },
    { url = "https://files.pythonhosted.org/packages/fb/c8/521c698f2d2796565fe9c789c2ee1ccdae610b3aa20b9b2ef980cc253640/coverage-7.6.1-cp311-cp311-musllinux_1_2_x86_64.whl", hash = "sha256:b48f312cca9621272ae49008c7f613337c53fadca647d6384cc129d2996d1133", size = 236910 },
    { url = "https://files.pythonhosted.org/packages/7d/30/033e663399ff17dca90d793ee8a2ea2890e7fdf085da58d82468b4220bf7/coverage-7.6.1-cp311-cp311-win32.whl", hash = "sha256:1125ca0e5fd475cbbba3bb67ae20bd2c23a98fac4e32412883f9bcbaa81c314c", size = 209348 },
    { url = "https://files.pythonhosted.org/packages/20/05/0d1ccbb52727ccdadaa3ff37e4d2dc1cd4d47f0c3df9eb58d9ec8508ca88/coverage-7.6.1-cp311-cp311-win_amd64.whl", hash = "sha256:8ae539519c4c040c5ffd0632784e21b2f03fc1340752af711f33e5be83a9d6c6", size = 210230 },
    { url = "https://files.pythonhosted.org/packages/7e/d4/300fc921dff243cd518c7db3a4c614b7e4b2431b0d1145c1e274fd99bd70/coverage-7.6.1-cp312-cp312-macosx_10_9_x86_64.whl", hash = "sha256:95cae0efeb032af8458fc27d191f85d1717b1d4e49f7cb226cf526ff28179778", size = 206983 },
    { url = "https://files.pythonhosted.org/packages/e1/ab/6bf00de5327ecb8db205f9ae596885417a31535eeda6e7b99463108782e1/coverage-7.6.1-cp312-cp312-macosx_11_0_arm64.whl", hash = "sha256:5621a9175cf9d0b0c84c2ef2b12e9f5f5071357c4d2ea6ca1cf01814f45d2391", size = 207221 },
    { url = "https://files.pythonhosted.org/packages/92/8f/2ead05e735022d1a7f3a0a683ac7f737de14850395a826192f0288703472/coverage-7.6.1-cp312-cp312-manylinux_2_17_aarch64.manylinux2014_aarch64.whl", hash = "sha256:260933720fdcd75340e7dbe9060655aff3af1f0c5d20f46b57f262ab6c86a5e8", size = 240342 },
    { url = "https://files.pythonhosted.org/packages/0f/ef/94043e478201ffa85b8ae2d2c79b4081e5a1b73438aafafccf3e9bafb6b5/coverage-7.6.1-cp312-cp312-manylinux_2_5_i686.manylinux1_i686.manylinux_2_17_i686.manylinux2014_i686.whl", hash = "sha256:07e2ca0ad381b91350c0ed49d52699b625aab2b44b65e1b4e02fa9df0e92ad2d", size = 237371 },
    { url = "https://files.pythonhosted.org/packages/1f/0f/c890339dd605f3ebc269543247bdd43b703cce6825b5ed42ff5f2d6122c7/coverage-7.6.1-cp312-cp312-manylinux_2_5_x86_64.manylinux1_x86_64.manylinux_2_17_x86_64.manylinux2014_x86_64.whl", hash = "sha256:c44fee9975f04b33331cb8eb272827111efc8930cfd582e0320613263ca849ca", size = 239455 },
    { url = "https://files.pythonhosted.org/packages/d1/04/7fd7b39ec7372a04efb0f70c70e35857a99b6a9188b5205efb4c77d6a57a/coverage-7.6.1-cp312-cp312-musllinux_1_2_aarch64.whl", hash = "sha256:877abb17e6339d96bf08e7a622d05095e72b71f8afd8a9fefc82cf30ed944163", size = 238924 },
    { url = "https://files.pythonhosted.org/packages/ed/bf/73ce346a9d32a09cf369f14d2a06651329c984e106f5992c89579d25b27e/coverage-7.6.1-cp312-cp312-musllinux_1_2_i686.whl", hash = "sha256:3e0cadcf6733c09154b461f1ca72d5416635e5e4ec4e536192180d34ec160f8a", size = 237252 },
    { url = "https://files.pythonhosted.org/packages/86/74/1dc7a20969725e917b1e07fe71a955eb34bc606b938316bcc799f228374b/coverage-7.6.1-cp312-cp312-musllinux_1_2_x86_64.whl", hash = "sha256:c3c02d12f837d9683e5ab2f3d9844dc57655b92c74e286c262e0fc54213c216d", size = 238897 },
    { url = "https://files.pythonhosted.org/packages/b6/e9/d9cc3deceb361c491b81005c668578b0dfa51eed02cd081620e9a62f24ec/coverage-7.6.1-cp312-cp312-win32.whl", hash = "sha256:e05882b70b87a18d937ca6768ff33cc3f72847cbc4de4491c8e73880766718e5", size = 209606 },
    { url = "https://files.pythonhosted.org/packages/47/c8/5a2e41922ea6740f77d555c4d47544acd7dc3f251fe14199c09c0f5958d3/coverage-7.6.1-cp312-cp312-win_amd64.whl", hash = "sha256:b5d7b556859dd85f3a541db6a4e0167b86e7273e1cdc973e5b175166bb634fdb", size = 210373 },
    { url = "https://files.pythonhosted.org/packages/8c/f9/9aa4dfb751cb01c949c990d136a0f92027fbcc5781c6e921df1cb1563f20/coverage-7.6.1-cp313-cp313-macosx_10_13_x86_64.whl", hash = "sha256:a4acd025ecc06185ba2b801f2de85546e0b8ac787cf9d3b06e7e2a69f925b106", size = 207007 },
    { url = "https://files.pythonhosted.org/packages/b9/67/e1413d5a8591622a46dd04ff80873b04c849268831ed5c304c16433e7e30/coverage-7.6.1-cp313-cp313-macosx_11_0_arm64.whl", hash = "sha256:a6d3adcf24b624a7b778533480e32434a39ad8fa30c315208f6d3e5542aeb6e9", size = 207269 },
    { url = "https://files.pythonhosted.org/packages/14/5b/9dec847b305e44a5634d0fb8498d135ab1d88330482b74065fcec0622224/coverage-7.6.1-cp313-cp313-manylinux_2_17_aarch64.manylinux2014_aarch64.whl", hash = "sha256:d0c212c49b6c10e6951362f7c6df3329f04c2b1c28499563d4035d964ab8e08c", size = 239886 },
    { url = "https://files.pythonhosted.org/packages/7b/b7/35760a67c168e29f454928f51f970342d23cf75a2bb0323e0f07334c85f3/coverage-7.6.1-cp313-cp313-manylinux_2_5_i686.manylinux1_i686.manylinux_2_17_i686.manylinux2014_i686.whl", hash = "sha256:6e81d7a3e58882450ec4186ca59a3f20a5d4440f25b1cff6f0902ad890e6748a", size = 237037 },
    { url = "https://files.pythonhosted.org/packages/f7/95/d2fd31f1d638df806cae59d7daea5abf2b15b5234016a5ebb502c2f3f7ee/coverage-7.6.1-cp313-cp313-manylinux_2_5_x86_64.manylinux1_x86_64.manylinux_2_17_x86_64.manylinux2014_x86_64.whl", hash = "sha256:78b260de9790fd81e69401c2dc8b17da47c8038176a79092a89cb2b7d945d060", size = 239038 },
    { url = "https://files.pythonhosted.org/packages/6e/bd/110689ff5752b67924efd5e2aedf5190cbbe245fc81b8dec1abaffba619d/coverage-7.6.1-cp313-cp313-musllinux_1_2_aarch64.whl", hash = "sha256:a78d169acd38300060b28d600344a803628c3fd585c912cacc9ea8790fe96862", size = 238690 },
    { url = "https://files.pythonhosted.org/packages/d3/a8/08d7b38e6ff8df52331c83130d0ab92d9c9a8b5462f9e99c9f051a4ae206/coverage-7.6.1-cp313-cp313-musllinux_1_2_i686.whl", hash = "sha256:2c09f4ce52cb99dd7505cd0fc8e0e37c77b87f46bc9c1eb03fe3bc9991085388", size = 236765 },
    { url = "https://files.pythonhosted.org/packages/d6/6a/9cf96839d3147d55ae713eb2d877f4d777e7dc5ba2bce227167d0118dfe8/coverage-7.6.1-cp313-cp313-musllinux_1_2_x86_64.whl", hash = "sha256:6878ef48d4227aace338d88c48738a4258213cd7b74fd9a3d4d7582bb1d8a155", size = 238611 },
    { url = "https://files.pythonhosted.org/packages/74/e4/7ff20d6a0b59eeaab40b3140a71e38cf52547ba21dbcf1d79c5a32bba61b/coverage-7.6.1-cp313-cp313-win32.whl", hash = "sha256:44df346d5215a8c0e360307d46ffaabe0f5d3502c8a1cefd700b34baf31d411a", size = 209671 },
    { url = "https://files.pythonhosted.org/packages/35/59/1812f08a85b57c9fdb6d0b383d779e47b6f643bc278ed682859512517e83/coverage-7.6.1-cp313-cp313-win_amd64.whl", hash = "sha256:8284cf8c0dd272a247bc154eb6c95548722dce90d098c17a883ed36e67cdb129", size = 210368 },
    { url = "https://files.pythonhosted.org/packages/9c/15/08913be1c59d7562a3e39fce20661a98c0a3f59d5754312899acc6cb8a2d/coverage-7.6.1-cp313-cp313t-macosx_10_13_x86_64.whl", hash = "sha256:d3296782ca4eab572a1a4eca686d8bfb00226300dcefdf43faa25b5242ab8a3e", size = 207758 },
    { url = "https://files.pythonhosted.org/packages/c4/ae/b5d58dff26cade02ada6ca612a76447acd69dccdbb3a478e9e088eb3d4b9/coverage-7.6.1-cp313-cp313t-macosx_11_0_arm64.whl", hash = "sha256:502753043567491d3ff6d08629270127e0c31d4184c4c8d98f92c26f65019962", size = 208035 },
    { url = "https://files.pythonhosted.org/packages/b8/d7/62095e355ec0613b08dfb19206ce3033a0eedb6f4a67af5ed267a8800642/coverage-7.6.1-cp313-cp313t-manylinux_2_17_aarch64.manylinux2014_aarch64.whl", hash = "sha256:6a89ecca80709d4076b95f89f308544ec8f7b4727e8a547913a35f16717856cb", size = 250839 },
    { url = "https://files.pythonhosted.org/packages/7c/1e/c2967cb7991b112ba3766df0d9c21de46b476d103e32bb401b1b2adf3380/coverage-7.6.1-cp313-cp313t-manylinux_2_5_i686.manylinux1_i686.manylinux_2_17_i686.manylinux2014_i686.whl", hash = "sha256:a318d68e92e80af8b00fa99609796fdbcdfef3629c77c6283566c6f02c6d6704", size = 246569 },
    { url = "https://files.pythonhosted.org/packages/8b/61/a7a6a55dd266007ed3b1df7a3386a0d760d014542d72f7c2c6938483b7bd/coverage-7.6.1-cp313-cp313t-manylinux_2_5_x86_64.manylinux1_x86_64.manylinux_2_17_x86_64.manylinux2014_x86_64.whl", hash = "sha256:13b0a73a0896988f053e4fbb7de6d93388e6dd292b0d87ee51d106f2c11b465b", size = 248927 },
    { url = "https://files.pythonhosted.org/packages/c8/fa/13a6f56d72b429f56ef612eb3bc5ce1b75b7ee12864b3bd12526ab794847/coverage-7.6.1-cp313-cp313t-musllinux_1_2_aarch64.whl", hash = "sha256:4421712dbfc5562150f7554f13dde997a2e932a6b5f352edcce948a815efee6f", size = 248401 },
    { url = "https://files.pythonhosted.org/packages/75/06/0429c652aa0fb761fc60e8c6b291338c9173c6aa0f4e40e1902345b42830/coverage-7.6.1-cp313-cp313t-musllinux_1_2_i686.whl", hash = "sha256:166811d20dfea725e2e4baa71fffd6c968a958577848d2131f39b60043400223", size = 246301 },
    { url = "https://files.pythonhosted.org/packages/52/76/1766bb8b803a88f93c3a2d07e30ffa359467810e5cbc68e375ebe6906efb/coverage-7.6.1-cp313-cp313t-musllinux_1_2_x86_64.whl", hash = "sha256:225667980479a17db1048cb2bf8bfb39b8e5be8f164b8f6628b64f78a72cf9d3", size = 247598 },
    { url = "https://files.pythonhosted.org/packages/66/8b/f54f8db2ae17188be9566e8166ac6df105c1c611e25da755738025708d54/coverage-7.6.1-cp313-cp313t-win32.whl", hash = "sha256:170d444ab405852903b7d04ea9ae9b98f98ab6d7e63e1115e82620807519797f", size = 210307 },
    { url = "https://files.pythonhosted.org/packages/9f/b0/e0dca6da9170aefc07515cce067b97178cefafb512d00a87a1c717d2efd5/coverage-7.6.1-cp313-cp313t-win_amd64.whl", hash = "sha256:b9f222de8cded79c49bf184bdbc06630d4c58eec9459b939b4a690c82ed05657", size = 211453 },
    { url = "https://files.pythonhosted.org/packages/19/d3/d54c5aa83268779d54c86deb39c1c4566e5d45c155369ca152765f8db413/coverage-7.6.1-cp39-cp39-macosx_10_9_x86_64.whl", hash = "sha256:abd5fd0db5f4dc9289408aaf34908072f805ff7792632250dcb36dc591d24255", size = 206688 },
    { url = "https://files.pythonhosted.org/packages/a5/fe/137d5dca72e4a258b1bc17bb04f2e0196898fe495843402ce826a7419fe3/coverage-7.6.1-cp39-cp39-macosx_11_0_arm64.whl", hash = "sha256:547f45fa1a93154bd82050a7f3cddbc1a7a4dd2a9bf5cb7d06f4ae29fe94eaf8", size = 207120 },
    { url = "https://files.pythonhosted.org/packages/78/5b/a0a796983f3201ff5485323b225d7c8b74ce30c11f456017e23d8e8d1945/coverage-7.6.1-cp39-cp39-manylinux_2_17_aarch64.manylinux2014_aarch64.whl", hash = "sha256:645786266c8f18a931b65bfcefdbf6952dd0dea98feee39bd188607a9d307ed2", size = 235249 },
    { url = "https://files.pythonhosted.org/packages/4e/e1/76089d6a5ef9d68f018f65411fcdaaeb0141b504587b901d74e8587606ad/coverage-7.6.1-cp39-cp39-manylinux_2_5_i686.manylinux1_i686.manylinux_2_17_i686.manylinux2014_i686.whl", hash = "sha256:9e0b2df163b8ed01d515807af24f63de04bebcecbd6c3bfeff88385789fdf75a", size = 233237 },
    { url = "https://files.pythonhosted.org/packages/9a/6f/eef79b779a540326fee9520e5542a8b428cc3bfa8b7c8f1022c1ee4fc66c/coverage-7.6.1-cp39-cp39-manylinux_2_5_x86_64.manylinux1_x86_64.manylinux_2_17_x86_64.manylinux2014_x86_64.whl", hash = "sha256:609b06f178fe8e9f89ef676532760ec0b4deea15e9969bf754b37f7c40326dbc", size = 234311 },
    { url = "https://files.pythonhosted.org/packages/75/e1/656d65fb126c29a494ef964005702b012f3498db1a30dd562958e85a4049/coverage-7.6.1-cp39-cp39-musllinux_1_2_aarch64.whl", hash = "sha256:702855feff378050ae4f741045e19a32d57d19f3e0676d589df0575008ea5004", size = 233453 },
    { url = "https://files.pythonhosted.org/packages/68/6a/45f108f137941a4a1238c85f28fd9d048cc46b5466d6b8dda3aba1bb9d4f/coverage-7.6.1-cp39-cp39-musllinux_1_2_i686.whl", hash = "sha256:2bdb062ea438f22d99cba0d7829c2ef0af1d768d1e4a4f528087224c90b132cb", size = 231958 },
    { url = "https://files.pythonhosted.org/packages/9b/e7/47b809099168b8b8c72ae311efc3e88c8d8a1162b3ba4b8da3cfcdb85743/coverage-7.6.1-cp39-cp39-musllinux_1_2_x86_64.whl", hash = "sha256:9c56863d44bd1c4fe2abb8a4d6f5371d197f1ac0ebdee542f07f35895fc07f36", size = 232938 },
    { url = "https://files.pythonhosted.org/packages/52/80/052222ba7058071f905435bad0ba392cc12006380731c37afaf3fe749b88/coverage-7.6.1-cp39-cp39-win32.whl", hash = "sha256:6e2cd258d7d927d09493c8df1ce9174ad01b381d4729a9d8d4e38670ca24774c", size = 209352 },
    { url = "https://files.pythonhosted.org/packages/b8/d8/1b92e0b3adcf384e98770a00ca095da1b5f7b483e6563ae4eb5e935d24a1/coverage-7.6.1-cp39-cp39-win_amd64.whl", hash = "sha256:06a737c882bd26d0d6ee7269b20b12f14a8704807a01056c80bb881a4b2ce6ca", size = 210153 },
    { url = "https://files.pythonhosted.org/packages/a5/2b/0354ed096bca64dc8e32a7cbcae28b34cb5ad0b1fe2125d6d99583313ac0/coverage-7.6.1-pp38.pp39.pp310-none-any.whl", hash = "sha256:e9a6e0eb86070e8ccaedfbd9d38fec54864f3125ab95419970575b42af7541df", size = 198926 },
]

[package.optional-dependencies]
toml = [
    { name = "tomli", marker = "python_full_version <= '3.11'" },
]

[[package]]
name = "exceptiongroup"
version = "1.2.2"
source = { registry = "https://pypi.org/simple" }
sdist = { url = "https://files.pythonhosted.org/packages/09/35/2495c4ac46b980e4ca1f6ad6db102322ef3ad2410b79fdde159a4b0f3b92/exceptiongroup-1.2.2.tar.gz", hash = "sha256:47c2edf7c6738fafb49fd34290706d1a1a2f4d1c6df275526b62cbb4aa5393cc", size = 28883 }
wheels = [
    { url = "https://files.pythonhosted.org/packages/02/cc/b7e31358aac6ed1ef2bb790a9746ac2c69bcb3c8588b41616914eb106eaf/exceptiongroup-1.2.2-py3-none-any.whl", hash = "sha256:3111b9d131c238bec2f8f516e123e14ba243563fb135d3fe885990585aa7795b", size = 16453 },
]

[[package]]
name = "executing"
version = "2.1.0"
source = { registry = "https://pypi.org/simple" }
sdist = { url = "https://files.pythonhosted.org/packages/8c/e3/7d45f492c2c4a0e8e0fad57d081a7c8a0286cdd86372b070cca1ec0caa1e/executing-2.1.0.tar.gz", hash = "sha256:8ea27ddd260da8150fa5a708269c4a10e76161e2496ec3e587da9e3c0fe4b9ab", size = 977485 }
wheels = [
    { url = "https://files.pythonhosted.org/packages/b5/fd/afcd0496feca3276f509df3dbd5dae726fcc756f1a08d9e25abe1733f962/executing-2.1.0-py2.py3-none-any.whl", hash = "sha256:8d63781349375b5ebccc3142f4b30350c0cd9c79f921cde38be2be4637e98eaf", size = 25805 },
]

[[package]]
name = "giving"
version = "0.4.3"
source = { registry = "https://pypi.org/simple" }
dependencies = [
    { name = "asttokens" },
    { name = "reactivex" },
    { name = "varname" },
]
sdist = { url = "https://files.pythonhosted.org/packages/4f/71/b5542b4240a81d9f13840c7f4fd7a2ad1242237a9f984deabc567e947528/giving-0.4.3.tar.gz", hash = "sha256:33727fb0525f5d927257c68e7b0245c789f9ebb9ce63e420c06e406bef0ac6c2", size = 3861047 }
wheels = [
    { url = "https://files.pythonhosted.org/packages/e8/9e/80c40b5511e9d2a4649af58bdcbb5517bbd8fe6b319ab85eda6e3f562b6a/giving-0.4.3-py3-none-any.whl", hash = "sha256:d395692d3a8666d46c03f8cda4f56b2984ae0012b030c798477b1c2b7c3aebee", size = 28639 },
]

[[package]]
name = "iniconfig"
version = "2.0.0"
source = { registry = "https://pypi.org/simple" }
sdist = { url = "https://files.pythonhosted.org/packages/d7/4b/cbd8e699e64a6f16ca3a8220661b5f83792b3017d0f79807cb8708d33913/iniconfig-2.0.0.tar.gz", hash = "sha256:2d91e135bf72d31a410b17c16da610a82cb55f6b0477d1a902134b24a455b8b3", size = 4646 }
wheels = [
    { url = "https://files.pythonhosted.org/packages/ef/a6/62565a6e1cf69e10f5727360368e451d4b7f58beeac6173dc9db836a5b46/iniconfig-2.0.0-py3-none-any.whl", hash = "sha256:b6a85871a79d2e3b22d2d1b94ac2824226a63c6b741c88f7ae975f18b6778374", size = 5892 },
]

[[package]]
name = "jinxed"
version = "1.3.0"
source = { registry = "https://pypi.org/simple" }
dependencies = [
    { name = "ansicon", marker = "platform_system == 'Windows'" },
]
sdist = { url = "https://files.pythonhosted.org/packages/20/d0/59b2b80e7a52d255f9e0ad040d2e826342d05580c4b1d7d7747cfb8db731/jinxed-1.3.0.tar.gz", hash = "sha256:1593124b18a41b7a3da3b078471442e51dbad3d77b4d4f2b0c26ab6f7d660dbf", size = 80981 }
wheels = [
    { url = "https://files.pythonhosted.org/packages/27/e3/0e0014d6ab159d48189e92044ace13b1e1fe9aa3024ba9f4e8cf172aa7c2/jinxed-1.3.0-py2.py3-none-any.whl", hash = "sha256:b993189f39dc2d7504d802152671535b06d380b26d78070559551cbf92df4fc5", size = 33085 },
]

[[package]]
name = "jurigged"
version = "0.5.8"
source = { editable = "." }
dependencies = [
    { name = "blessed" },
    { name = "codefind" },
    { name = "ovld" },
    { name = "watchdog" },
]

[package.optional-dependencies]
develoop = [
    { name = "giving" },
    { name = "rich" },
]

[package.dev-dependencies]
dev = [
    { name = "pytest" },
    { name = "pytest-cov" },
]

[package.metadata]
requires-dist = [
    { name = "blessed", specifier = ">=1.20.0" },
    { name = "codefind", specifier = "~=0.1.7" },
    { name = "giving", marker = "extra == 'develoop'", specifier = "~=0.4.3" },
    { name = "ovld", specifier = "~=0.4.0" },
    { name = "rich", marker = "extra == 'develoop'", specifier = ">=10.13.0" },
    { name = "watchdog", specifier = ">=4.0.2" },
]

[package.metadata.requires-dev]
dev = [
    { name = "pytest", specifier = ">=8.3.3" },
    { name = "pytest-cov", specifier = ">=5.0.0" },
]

[[package]]
name = "markdown-it-py"
version = "3.0.0"
source = { registry = "https://pypi.org/simple" }
dependencies = [
    { name = "mdurl" },
]
sdist = { url = "https://files.pythonhosted.org/packages/38/71/3b932df36c1a044d397a1f92d1cf91ee0a503d91e470cbd670aa66b07ed0/markdown-it-py-3.0.0.tar.gz", hash = "sha256:e3f60a94fa066dc52ec76661e37c851cb232d92f9886b15cb560aaada2df8feb", size = 74596 }
wheels = [
    { url = "https://files.pythonhosted.org/packages/42/d7/1ec15b46af6af88f19b8e5ffea08fa375d433c998b8a7639e76935c14f1f/markdown_it_py-3.0.0-py3-none-any.whl", hash = "sha256:355216845c60bd96232cd8d8c40e8f9765cc86f46880e43a8fd22dc1a1a8cab1", size = 87528 },
]

[[package]]
name = "mdurl"
version = "0.1.2"
source = { registry = "https://pypi.org/simple" }
sdist = { url = "https://files.pythonhosted.org/packages/d6/54/cfe61301667036ec958cb99bd3efefba235e65cdeb9c84d24a8293ba1d90/mdurl-0.1.2.tar.gz", hash = "sha256:bb413d29f5eea38f31dd4754dd7377d4465116fb207585f97bf925588687c1ba", size = 8729 }
wheels = [
    { url = "https://files.pythonhosted.org/packages/b3/38/89ba8ad64ae25be8de66a6d463314cf1eb366222074cfda9ee839c56a4b4/mdurl-0.1.2-py3-none-any.whl", hash = "sha256:84008a41e51615a49fc9966191ff91509e3c40b939176e643fd50a5c2196b8f8", size = 9979 },
]

[[package]]
name = "ovld"
version = "0.4.0"
source = { registry = "https://pypi.org/simple" }
sdist = { url = "https://files.pythonhosted.org/packages/cc/c5/e83081da3e6551825cc73c97d8ae2daec5bcc1c24cc3353631ae6df6b587/ovld-0.4.0.tar.gz", hash = "sha256:499803a67c4c05f9881185b06245f706ad58573a8f7f8c6666287edfb3102e52", size = 1007430 }
wheels = [
    { url = "https://files.pythonhosted.org/packages/27/eb/00c38109251d5785611ccb609754a5619bdf6ac24d3287a8c299c0553675/ovld-0.4.0-py3-none-any.whl", hash = "sha256:4b99005b338c092ea1c5fe24da8b5adb4419f02f9706fd31c1b0b27568a10099", size = 27667 },
]

[[package]]
name = "packaging"
version = "24.1"
source = { registry = "https://pypi.org/simple" }
sdist = { url = "https://files.pythonhosted.org/packages/51/65/50db4dda066951078f0a96cf12f4b9ada6e4b811516bf0262c0f4f7064d4/packaging-24.1.tar.gz", hash = "sha256:026ed72c8ed3fcce5bf8950572258698927fd1dbda10a5e981cdf0ac37f4f002", size = 148788 }
wheels = [
    { url = "https://files.pythonhosted.org/packages/08/aa/cc0199a5f0ad350994d660967a8efb233fe0416e4639146c089643407ce6/packaging-24.1-py3-none-any.whl", hash = "sha256:5b8f2217dbdbd2f7f384c41c628544e6d52f2d0f53c6d0c3ea61aa5d1d7ff124", size = 53985 },
]

[[package]]
name = "pluggy"
version = "1.5.0"
source = { registry = "https://pypi.org/simple" }
sdist = { url = "https://files.pythonhosted.org/packages/96/2d/02d4312c973c6050a18b314a5ad0b3210edb65a906f868e31c111dede4a6/pluggy-1.5.0.tar.gz", hash = "sha256:2cffa88e94fdc978c4c574f15f9e59b7f4201d439195c3715ca9e2486f1d0cf1", size = 67955 }
wheels = [
    { url = "https://files.pythonhosted.org/packages/88/5f/e351af9a41f866ac3f1fac4ca0613908d9a41741cfcf2228f4ad853b697d/pluggy-1.5.0-py3-none-any.whl", hash = "sha256:44e1ad92c8ca002de6377e165f3e0f1be63266ab4d554740532335b9d75ea669", size = 20556 },
]

[[package]]
name = "pygments"
version = "2.18.0"
source = { registry = "https://pypi.org/simple" }
sdist = { url = "https://files.pythonhosted.org/packages/8e/62/8336eff65bcbc8e4cb5d05b55faf041285951b6e80f33e2bff2024788f31/pygments-2.18.0.tar.gz", hash = "sha256:786ff802f32e91311bff3889f6e9a86e81505fe99f2735bb6d60ae0c5004f199", size = 4891905 }
wheels = [
    { url = "https://files.pythonhosted.org/packages/f7/3f/01c8b82017c199075f8f788d0d906b9ffbbc5a47dc9918a945e13d5a2bda/pygments-2.18.0-py3-none-any.whl", hash = "sha256:b8e6aca0523f3ab76fee51799c488e38782ac06eafcf95e7ba832985c8e7b13a", size = 1205513 },
]

[[package]]
name = "pytest"
version = "8.3.3"
source = { registry = "https://pypi.org/simple" }
dependencies = [
    { name = "colorama", marker = "sys_platform == 'win32'" },
    { name = "exceptiongroup", marker = "python_full_version < '3.11'" },
    { name = "iniconfig" },
    { name = "packaging" },
    { name = "pluggy" },
    { name = "tomli", marker = "python_full_version < '3.11'" },
]
sdist = { url = "https://files.pythonhosted.org/packages/8b/6c/62bbd536103af674e227c41a8f3dcd022d591f6eed5facb5a0f31ee33bbc/pytest-8.3.3.tar.gz", hash = "sha256:70b98107bd648308a7952b06e6ca9a50bc660be218d53c257cc1fc94fda10181", size = 1442487 }
wheels = [
    { url = "https://files.pythonhosted.org/packages/6b/77/7440a06a8ead44c7757a64362dd22df5760f9b12dc5f11b6188cd2fc27a0/pytest-8.3.3-py3-none-any.whl", hash = "sha256:a6853c7375b2663155079443d2e45de913a911a11d669df02a50814944db57b2", size = 342341 },
]

[[package]]
name = "pytest-cov"
version = "5.0.0"
source = { registry = "https://pypi.org/simple" }
dependencies = [
    { name = "coverage", extra = ["toml"] },
    { name = "pytest" },
]
sdist = { url = "https://files.pythonhosted.org/packages/74/67/00efc8d11b630c56f15f4ad9c7f9223f1e5ec275aaae3fa9118c6a223ad2/pytest-cov-5.0.0.tar.gz", hash = "sha256:5837b58e9f6ebd335b0f8060eecce69b662415b16dc503883a02f45dfeb14857", size = 63042 }
wheels = [
    { url = "https://files.pythonhosted.org/packages/78/3a/af5b4fa5961d9a1e6237b530eb87dd04aea6eb83da09d2a4073d81b54ccf/pytest_cov-5.0.0-py3-none-any.whl", hash = "sha256:4f0764a1219df53214206bf1feea4633c3b558a2925c8b59f144f682861ce652", size = 21990 },
]

[[package]]
name = "reactivex"
version = "4.0.4"
source = { registry = "https://pypi.org/simple" }
dependencies = [
    { name = "typing-extensions" },
]
sdist = { url = "https://files.pythonhosted.org/packages/ef/63/f776322df4d7b456446eff78c4e64f14c3c26d57d46b4e06c18807d5d99c/reactivex-4.0.4.tar.gz", hash = "sha256:e912e6591022ab9176df8348a653fe8c8fa7a301f26f9931c9d8c78a650e04e8", size = 119177 }
wheels = [
    { url = "https://files.pythonhosted.org/packages/69/3f/2ed8c1b8fe3fc2ed816ba40554ef703aad8c51700e2606c139fcf9b7f791/reactivex-4.0.4-py3-none-any.whl", hash = "sha256:0004796c420bd9e68aad8e65627d85a8e13f293de76656165dffbcb3a0e3fb6a", size = 217791 },
]

[[package]]
name = "rich"
version = "13.8.1"
source = { registry = "https://pypi.org/simple" }
dependencies = [
    { name = "markdown-it-py" },
    { name = "pygments" },
]
sdist = { url = "https://files.pythonhosted.org/packages/92/76/40f084cb7db51c9d1fa29a7120717892aeda9a7711f6225692c957a93535/rich-13.8.1.tar.gz", hash = "sha256:8260cda28e3db6bf04d2d1ef4dbc03ba80a824c88b0e7668a0f23126a424844a", size = 222080 }
wheels = [
    { url = "https://files.pythonhosted.org/packages/b0/11/dadb85e2bd6b1f1ae56669c3e1f0410797f9605d752d68fb47b77f525b31/rich-13.8.1-py3-none-any.whl", hash = "sha256:1760a3c0848469b97b558fc61c85233e3dafb69c7a071b4d60c38099d3cd4c06", size = 241608 },
]

[[package]]
name = "six"
version = "1.16.0"
source = { registry = "https://pypi.org/simple" }
sdist = { url = "https://files.pythonhosted.org/packages/71/39/171f1c67cd00715f190ba0b100d606d440a28c93c7714febeca8b79af85e/six-1.16.0.tar.gz", hash = "sha256:1e61c37477a1626458e36f7b1d82aa5c9b094fa4802892072e49de9c60c4c926", size = 34041 }
wheels = [
    { url = "https://files.pythonhosted.org/packages/d9/5a/e7c31adbe875f2abbb91bd84cf2dc52d792b5a01506781dbcf25c91daf11/six-1.16.0-py2.py3-none-any.whl", hash = "sha256:8abb2f1d86890a2dfb989f9a77cfcfd3e47c2a354b01111771326f8aa26e0254", size = 11053 },
]

[[package]]
name = "tomli"
version = "2.0.1"
source = { registry = "https://pypi.org/simple" }
sdist = { url = "https://files.pythonhosted.org/packages/c0/3f/d7af728f075fb08564c5949a9c95e44352e23dee646869fa104a3b2060a3/tomli-2.0.1.tar.gz", hash = "sha256:de526c12914f0c550d15924c62d72abc48d6fe7364aa87328337a31007fe8a4f", size = 15164 }
wheels = [
    { url = "https://files.pythonhosted.org/packages/97/75/10a9ebee3fd790d20926a90a2547f0bf78f371b2f13aa822c759680ca7b9/tomli-2.0.1-py3-none-any.whl", hash = "sha256:939de3e7a6161af0c887ef91b7d41a53e7c5a1ca976325f429cb46ea9bc30ecc", size = 12757 },
]

[[package]]
name = "typing-extensions"
version = "4.12.2"
source = { registry = "https://pypi.org/simple" }
sdist = { url = "https://files.pythonhosted.org/packages/df/db/f35a00659bc03fec321ba8bce9420de607a1d37f8342eee1863174c69557/typing_extensions-4.12.2.tar.gz", hash = "sha256:1a7ead55c7e559dd4dee8856e3a88b41225abfe1ce8df57b7c13915fe121ffb8", size = 85321 }
wheels = [
    { url = "https://files.pythonhosted.org/packages/26/9f/ad63fc0248c5379346306f8668cda6e2e2e9c95e01216d2b8ffd9ff037d0/typing_extensions-4.12.2-py3-none-any.whl", hash = "sha256:04e5ca0351e0f3f85c6853954072df659d0d13fac324d0072316b67d7794700d", size = 37438 },
]

[[package]]
name = "varname"
version = "0.13.3"
source = { registry = "https://pypi.org/simple" }
dependencies = [
    { name = "executing" },
]
sdist = { url = "https://files.pythonhosted.org/packages/bd/11/399bb816cd4c356031fa5d9f49a06eb2f25c33705fa642e630c29376ed27/varname-0.13.3.tar.gz", hash = "sha256:fcaee413d28dc84301e5b2c6383b8c8b5d15eccc2218b5a1d1c50f21df024e2c", size = 27279 }
wheels = [
    { url = "https://files.pythonhosted.org/packages/13/7e/38f0d06f70a87cf7244f0845dd8336cd60b8b9c6cc2688772dc3f51e0d0d/varname-0.13.3-py3-none-any.whl", hash = "sha256:c174e42a7c8b149add2a4ec62acd6c4f2949a26413c177a0175abf586ada0a9e", size = 24904 },
]

[[package]]
name = "watchdog"
version = "4.0.2"
source = { registry = "https://pypi.org/simple" }
sdist = { url = "https://files.pythonhosted.org/packages/4f/38/764baaa25eb5e35c9a043d4c4588f9836edfe52a708950f4b6d5f714fd42/watchdog-4.0.2.tar.gz", hash = "sha256:b4dfbb6c49221be4535623ea4474a4d6ee0a9cef4a80b20c28db4d858b64e270", size = 126587 }
wheels = [
    { url = "https://files.pythonhosted.org/packages/46/b0/219893d41c16d74d0793363bf86df07d50357b81f64bba4cb94fe76e7af4/watchdog-4.0.2-cp310-cp310-macosx_10_9_universal2.whl", hash = "sha256:ede7f010f2239b97cc79e6cb3c249e72962404ae3865860855d5cbe708b0fd22", size = 100257 },
    { url = "https://files.pythonhosted.org/packages/6d/c6/8e90c65693e87d98310b2e1e5fd7e313266990853b489e85ce8396cc26e3/watchdog-4.0.2-cp310-cp310-macosx_10_9_x86_64.whl", hash = "sha256:a2cffa171445b0efa0726c561eca9a27d00a1f2b83846dbd5a4f639c4f8ca8e1", size = 92249 },
    { url = "https://files.pythonhosted.org/packages/6f/cd/2e306756364a934532ff8388d90eb2dc8bb21fe575cd2b33d791ce05a02f/watchdog-4.0.2-cp310-cp310-macosx_11_0_arm64.whl", hash = "sha256:c50f148b31b03fbadd6d0b5980e38b558046b127dc483e5e4505fcef250f9503", size = 92888 },
    { url = "https://files.pythonhosted.org/packages/de/78/027ad372d62f97642349a16015394a7680530460b1c70c368c506cb60c09/watchdog-4.0.2-cp311-cp311-macosx_10_9_universal2.whl", hash = "sha256:7c7d4bf585ad501c5f6c980e7be9c4f15604c7cc150e942d82083b31a7548930", size = 100256 },
    { url = "https://files.pythonhosted.org/packages/59/a9/412b808568c1814d693b4ff1cec0055dc791780b9dc947807978fab86bc1/watchdog-4.0.2-cp311-cp311-macosx_10_9_x86_64.whl", hash = "sha256:914285126ad0b6eb2258bbbcb7b288d9dfd655ae88fa28945be05a7b475a800b", size = 92252 },
    { url = "https://files.pythonhosted.org/packages/04/57/179d76076cff264982bc335dd4c7da6d636bd3e9860bbc896a665c3447b6/watchdog-4.0.2-cp311-cp311-macosx_11_0_arm64.whl", hash = "sha256:984306dc4720da5498b16fc037b36ac443816125a3705dfde4fd90652d8028ef", size = 92888 },
    { url = "https://files.pythonhosted.org/packages/92/f5/ea22b095340545faea37ad9a42353b265ca751f543da3fb43f5d00cdcd21/watchdog-4.0.2-cp312-cp312-macosx_10_9_universal2.whl", hash = "sha256:1cdcfd8142f604630deef34722d695fb455d04ab7cfe9963055df1fc69e6727a", size = 100342 },
    { url = "https://files.pythonhosted.org/packages/cb/d2/8ce97dff5e465db1222951434e3115189ae54a9863aef99c6987890cc9ef/watchdog-4.0.2-cp312-cp312-macosx_10_9_x86_64.whl", hash = "sha256:d7ab624ff2f663f98cd03c8b7eedc09375a911794dfea6bf2a359fcc266bff29", size = 92306 },
    { url = "https://files.pythonhosted.org/packages/49/c4/1aeba2c31b25f79b03b15918155bc8c0b08101054fc727900f1a577d0d54/watchdog-4.0.2-cp312-cp312-macosx_11_0_arm64.whl", hash = "sha256:132937547a716027bd5714383dfc40dc66c26769f1ce8a72a859d6a48f371f3a", size = 92915 },
    { url = "https://files.pythonhosted.org/packages/79/63/eb8994a182672c042d85a33507475c50c2ee930577524dd97aea05251527/watchdog-4.0.2-cp313-cp313-macosx_10_13_universal2.whl", hash = "sha256:cd67c7df93eb58f360c43802acc945fa8da70c675b6fa37a241e17ca698ca49b", size = 100343 },
    { url = "https://files.pythonhosted.org/packages/ce/82/027c0c65c2245769580605bcd20a1dc7dfd6c6683c8c4e2ef43920e38d27/watchdog-4.0.2-cp313-cp313-macosx_10_13_x86_64.whl", hash = "sha256:bcfd02377be80ef3b6bc4ce481ef3959640458d6feaae0bd43dd90a43da90a7d", size = 92313 },
    { url = "https://files.pythonhosted.org/packages/2a/89/ad4715cbbd3440cb0d336b78970aba243a33a24b1a79d66f8d16b4590d6a/watchdog-4.0.2-cp313-cp313-macosx_11_0_arm64.whl", hash = "sha256:980b71510f59c884d684b3663d46e7a14b457c9611c481e5cef08f4dd022eed7", size = 92919 },
    { url = "https://files.pythonhosted.org/packages/68/eb/34d3173eceab490d4d1815ba9a821e10abe1da7a7264a224e30689b1450c/watchdog-4.0.2-cp39-cp39-macosx_10_9_universal2.whl", hash = "sha256:770eef5372f146997638d737c9a3c597a3b41037cfbc5c41538fc27c09c3a3f9", size = 100254 },
    { url = "https://files.pythonhosted.org/packages/18/a1/4bbafe7ace414904c2cc9bd93e472133e8ec11eab0b4625017f0e34caad8/watchdog-4.0.2-cp39-cp39-macosx_10_9_x86_64.whl", hash = "sha256:eeea812f38536a0aa859972d50c76e37f4456474b02bd93674d1947cf1e39578", size = 92249 },
    { url = "https://files.pythonhosted.org/packages/f3/11/ec5684e0ca692950826af0de862e5db167523c30c9cbf9b3f4ce7ec9cc05/watchdog-4.0.2-cp39-cp39-macosx_11_0_arm64.whl", hash = "sha256:b2c45f6e1e57ebb4687690c05bc3a2c1fb6ab260550c4290b8abb1335e0fd08b", size = 92891 },
    { url = "https://files.pythonhosted.org/packages/3b/9a/6f30f023324de7bad8a3eb02b0afb06bd0726003a3550e9964321315df5a/watchdog-4.0.2-pp310-pypy310_pp73-macosx_10_15_x86_64.whl", hash = "sha256:10b6683df70d340ac3279eff0b2766813f00f35a1d37515d2c99959ada8f05fa", size = 91775 },
    { url = "https://files.pythonhosted.org/packages/87/62/8be55e605d378a154037b9ba484e00a5478e627b69c53d0f63e3ef413ba6/watchdog-4.0.2-pp310-pypy310_pp73-macosx_11_0_arm64.whl", hash = "sha256:f7c739888c20f99824f7aa9d31ac8a97353e22d0c0e54703a547a218f6637eb3", size = 92255 },
    { url = "https://files.pythonhosted.org/packages/70/3f/2173b4d9581bc9b5df4d7f2041b6c58b5e5448407856f68d4be9981000d0/watchdog-4.0.2-pp39-pypy39_pp73-macosx_10_15_x86_64.whl", hash = "sha256:2d468028a77b42cc685ed694a7a550a8d1771bb05193ba7b24006b8241a571a1", size = 91773 },
    { url = "https://files.pythonhosted.org/packages/f0/de/6fff29161d5789048f06ef24d94d3ddcc25795f347202b7ea503c3356acb/watchdog-4.0.2-pp39-pypy39_pp73-macosx_11_0_arm64.whl", hash = "sha256:f15edcae3830ff20e55d1f4e743e92970c847bcddc8b7509bcd172aa04de506e", size = 92250 },
    { url = "https://files.pythonhosted.org/packages/8a/b1/25acf6767af6f7e44e0086309825bd8c098e301eed5868dc5350642124b9/watchdog-4.0.2-py3-none-manylinux2014_aarch64.whl", hash = "sha256:936acba76d636f70db8f3c66e76aa6cb5136a936fc2a5088b9ce1c7a3508fc83", size = 82947 },
    { url = "https://files.pythonhosted.org/packages/e8/90/aebac95d6f954bd4901f5d46dcd83d68e682bfd21798fd125a95ae1c9dbf/watchdog-4.0.2-py3-none-manylinux2014_armv7l.whl", hash = "sha256:e252f8ca942a870f38cf785aef420285431311652d871409a64e2a0a52a2174c", size = 82942 },
    { url = "https://files.pythonhosted.org/packages/15/3a/a4bd8f3b9381824995787488b9282aff1ed4667e1110f31a87b871ea851c/watchdog-4.0.2-py3-none-manylinux2014_i686.whl", hash = "sha256:0e83619a2d5d436a7e58a1aea957a3c1ccbf9782c43c0b4fed80580e5e4acd1a", size = 82947 },
    { url = "https://files.pythonhosted.org/packages/09/cc/238998fc08e292a4a18a852ed8274159019ee7a66be14441325bcd811dfd/watchdog-4.0.2-py3-none-manylinux2014_ppc64.whl", hash = "sha256:88456d65f207b39f1981bf772e473799fcdc10801062c36fd5ad9f9d1d463a73", size = 82946 },
    { url = "https://files.pythonhosted.org/packages/80/f1/d4b915160c9d677174aa5fae4537ae1f5acb23b3745ab0873071ef671f0a/watchdog-4.0.2-py3-none-manylinux2014_ppc64le.whl", hash = "sha256:32be97f3b75693a93c683787a87a0dc8db98bb84701539954eef991fb35f5fbc", size = 82947 },
    { url = "https://files.pythonhosted.org/packages/db/02/56ebe2cf33b352fe3309588eb03f020d4d1c061563d9858a9216ba004259/watchdog-4.0.2-py3-none-manylinux2014_s390x.whl", hash = "sha256:c82253cfc9be68e3e49282831afad2c1f6593af80c0daf1287f6a92657986757", size = 82944 },
    { url = "https://files.pythonhosted.org/packages/01/d2/c8931ff840a7e5bd5dcb93f2bb2a1fd18faf8312e9f7f53ff1cf76ecc8ed/watchdog-4.0.2-py3-none-manylinux2014_x86_64.whl", hash = "sha256:c0b14488bd336c5b1845cee83d3e631a1f8b4e9c5091ec539406e4a324f882d8", size = 82947 },
    { url = "https://files.pythonhosted.org/packages/d0/d8/cdb0c21a4a988669d7c210c75c6a2c9a0e16a3b08d9f7e633df0d9a16ad8/watchdog-4.0.2-py3-none-win32.whl", hash = "sha256:0d8a7e523ef03757a5aa29f591437d64d0d894635f8a50f370fe37f913ce4e19", size = 82935 },
    { url = "https://files.pythonhosted.org/packages/99/2e/b69dfaae7a83ea64ce36538cc103a3065e12c447963797793d5c0a1d5130/watchdog-4.0.2-py3-none-win_amd64.whl", hash = "sha256:c344453ef3bf875a535b0488e3ad28e341adbd5a9ffb0f7d62cefacc8824ef2b", size = 82934 },
    { url = "https://files.pythonhosted.org/packages/b0/0b/43b96a9ecdd65ff5545b1b13b687ca486da5c6249475b1a45f24d63a1858/watchdog-4.0.2-py3-none-win_ia64.whl", hash = "sha256:baececaa8edff42cd16558a639a9b0ddf425f93d892e8392a56bf904f5eff22c", size = 82933 },
]

[[package]]
name = "wcwidth"
version = "0.2.13"
source = { registry = "https://pypi.org/simple" }
sdist = { url = "https://files.pythonhosted.org/packages/6c/63/53559446a878410fc5a5974feb13d31d78d752eb18aeba59c7fef1af7598/wcwidth-0.2.13.tar.gz", hash = "sha256:72ea0c06399eb286d978fdedb6923a9eb47e1c486ce63e9b4e64fc18303972b5", size = 101301 }
wheels = [
    { url = "https://files.pythonhosted.org/packages/fd/84/fd2ba7aafacbad3c4201d395674fc6348826569da3c0937e75505ead3528/wcwidth-0.2.13-py2.py3-none-any.whl", hash = "sha256:3da69048e4540d84af32131829ff948f1e022c1c6bdb8d6102117aac784f6859", size = 34166 },
]
